
Microsoft Visual Studio Solution File, Format Version 12.00
# Visual Studio Version 17
VisualStudioVersion = 17.1.32328.378
MinimumVisualStudioVersion = 10.0.40219.1
Project("{9A19103F-16F7-4668-BE54-9A1E7A4F7556}") = "Framework.States", "Framework.States\Framework.States.csproj", "{44286B16-195C-48DD-BFB4-73018D06EFCC}"
EndProject
Project("{2150E333-8FDC-42A3-9474-1A3956D46DE8}") = "Libraries", "Libraries", "{5B18D3E4-3F15-42FE-B9BD-C473D119FFD7}"
EndProject
Project("{9A19103F-16F7-4668-BE54-9A1E7A4F7556}") = "OpenDictionary.RemoteDictionaries", "OpenDictionary.RemoteDictionaries\OpenDictionary.RemoteDictionaries.csproj", "{C791528D-F9F4-4F3A-B4E5-51A29265D665}"
EndProject
Project("{9A19103F-16F7-4668-BE54-9A1E7A4F7556}") = "OpenDictionary.Models", "OpenDictionary.Models\OpenDictionary.Models.csproj", "{3C058127-E65F-4D8D-9602-CDBE0F77F92B}"
EndProject
Project("{9A19103F-16F7-4668-BE54-9A1E7A4F7556}") = "OpenDictionary.RemoteDictionaries.Tests", "OpenDictionary.RemoteDictionaries.Tests\OpenDictionary.RemoteDictionaries.Tests.csproj", "{AD90A4EA-284E-4A77-8100-184595C1EA91}"
EndProject
Project("{9A19103F-16F7-4668-BE54-9A1E7A4F7556}") = "OpenDictionary.ViewModels", "OpenDictionary.ViewModels\OpenDictionary.ViewModels.csproj", "{7A010E41-7BA6-4D92-A0B9-7257BD1E6F80}"
EndProject
Project("{9A19103F-16F7-4668-BE54-9A1E7A4F7556}") = "OpenDictionary.Collections", "OpenDictionary.Collections\OpenDictionary.Collections.csproj", "{FB158D60-16EE-4972-951B-35CF3E159F66}"
EndProject
Project("{9A19103F-16F7-4668-BE54-9A1E7A4F7556}") = "OpenDictionary.Services", "OpenDictionary.Services\OpenDictionary.Services.csproj", "{587A68D3-16E9-4E0F-91D0-F90386F21E54}"
EndProject
Project("{9A19103F-16F7-4668-BE54-9A1E7A4F7556}") = "OpenDictionary.Structures", "OpenDictionary.Structures\OpenDictionary.Structures.csproj", "{F477EAB8-5B13-4743-A465-582939E4E103}"
EndProject
Project("{9A19103F-16F7-4668-BE54-9A1E7A4F7556}") = "OpenDictionary.Observables", "OpenDictionary.Observables\OpenDictionary.Observables.csproj", "{6CA2B514-0B68-4994-9195-3F9D623FD7D6}"
EndProject
Project("{9A19103F-16F7-4668-BE54-9A1E7A4F7556}") = "OpenDictionary.Games.WordConformities", "OpenDictionary.Games\OpenDictionary.Games.WordConformities.csproj", "{55EFED1B-0832-4112-9DB4-B2105346005F}"
EndProject
Project("{2150E333-8FDC-42A3-9474-1A3956D46DE8}") = "Maui", "Maui", "{6E94D6B5-CAA3-4994-A5DE-86B27F77A3DF}"
EndProject
Project("{9A19103F-16F7-4668-BE54-9A1E7A4F7556}") = "OpenDictionary.Styles.Fonts", "OpenDictionary.Styles.Fonts\OpenDictionary.Styles.Fonts.csproj", "{9F0FBA3A-CF5F-4BA0-B6ED-FAE3A39F01CF}"
EndProject
Project("{9A19103F-16F7-4668-BE54-9A1E7A4F7556}") = "OpenDictionary.Databases", "OpenDictionary.Databases\OpenDictionary.Databases.csproj", "{4B1FE8E0-89BB-4288-8F3F-E5B9D5C03B5B}"
EndProject
Project("{9A19103F-16F7-4668-BE54-9A1E7A4F7556}") = "OpenDictionary.Maui.Services", "OpenDictionary.Maui.Services\OpenDictionary.Maui.Services.csproj", "{049B0E96-EBE4-4BAB-9F86-7A5B8900D2F0}"
EndProject
Project("{9A19103F-16F7-4668-BE54-9A1E7A4F7556}") = "OpenDictionary.MauiProject", "OpenDictionary.MauiProject\OpenDictionary.MauiProject.csproj", "{6B5A7E36-B39C-409F-9ED6-13FA0F888FC9}"
EndProject
Project("{9A19103F-16F7-4668-BE54-9A1E7A4F7556}") = "OpenDictionary.DataTransfer", "OpenDictionary.DataTransfer\OpenDictionary.DataTransfer.csproj", "{22B5E612-F20F-40DE-8901-AE127121806D}"
EndProject
Project("{9A19103F-16F7-4668-BE54-9A1E7A4F7556}") = "OpenDictionary.DataTransfer.Maui", "OpenDictionary.DataTransfer.Maui\OpenDictionary.DataTransfer.Maui.csproj", "{A40DC695-D4F8-447E-A5A8-75F1CFB7C32E}"
EndProject
Project("{9A19103F-16F7-4668-BE54-9A1E7A4F7556}") = "Framework.DependencyInjection", "Framework.DependencyInjections\Framework.DependencyInjection.csproj", "{469E3994-67B2-4C7C-BEC1-523CFC94BE4C}"
EndProject
Project("{9A19103F-16F7-4668-BE54-9A1E7A4F7556}") = "OpenDictionary.RemoteDictionaries.Benchmarks", "OpenDictionary.RemoteDictionaries.Benchmarks\OpenDictionary.RemoteDictionaries.Benchmarks.csproj", "{60722BD2-D016-4119-94C4-A5BCE9C1FF03}"
EndProject
Project("{9A19103F-16F7-4668-BE54-9A1E7A4F7556}") = "OpenDictionary.Styles", "OpenDictionary.Styles\OpenDictionary.Styles.csproj", "{E7B58FB1-9CEC-45CF-970A-E4613341946B}"
EndProject
Project("{9A19103F-16F7-4668-BE54-9A1E7A4F7556}") = "OpenDictionary.Styles.Themes", "OpenDictionary.Styles.Themes\OpenDictionary.Styles.Themes.csproj", "{60755B4D-B0F1-4156-867A-4BC7D2CB2536}"
EndProject
Project("{9A19103F-16F7-4668-BE54-9A1E7A4F7556}") = "OpenDictionary.Views.Controls", "OpenDictionary.Views.Controls\OpenDictionary.Views.Controls.csproj", "{A8ECFC4A-0C4C-41B3-825B-E32914FC8A07}"
EndProject
Project("{9A19103F-16F7-4668-BE54-9A1E7A4F7556}") = "OpenDictionary.Views.Popups", "OpenDictionary.Views.Popups\OpenDictionary.Views.Popups.csproj", "{AF84C14B-2B8F-44CD-8D56-7C7439F1B0F9}"
EndProject
Project("{9A19103F-16F7-4668-BE54-9A1E7A4F7556}") = "OpenDictionary.ExternalAppTranslation", "OpenDictionary.ExternalAppTranslation\OpenDictionary.ExternalAppTranslation.csproj", "{8F4677CC-587F-4C87-890C-FF88B0016424}"
EndProject
Project("{2150E333-8FDC-42A3-9474-1A3956D46DE8}") = "Generators", "Generators", "{B6190870-E623-4906-AA9D-A4E0A7BF4EB8}"
EndProject
Project("{FAE04EC0-301F-11D3-BF4B-00C04F79EFBC}") = "OpenDictionary.CodeAnalysis.EnumToInterface", "OpenDictionary.CodeAnalysis.EnumToInterface\OpenDictionary.CodeAnalysis.EnumToInterface.csproj", "{1F1013A5-A0D2-4C57-AD8F-33F8A4251DAD}"
EndProject
Global
	GlobalSection(SolutionConfigurationPlatforms) = preSolution
		Debug|Any CPU = Debug|Any CPU
		Debug|arm64 = Debug|arm64
		Debug|x64 = Debug|x64
		Debug|x86 = Debug|x86
		Release|Any CPU = Release|Any CPU
		Release|arm64 = Release|arm64
		Release|x64 = Release|x64
		Release|x86 = Release|x86
	EndGlobalSection
	GlobalSection(ProjectConfigurationPlatforms) = postSolution
		{44286B16-195C-48DD-BFB4-73018D06EFCC}.Debug|Any CPU.ActiveCfg = Debug|Any CPU
		{44286B16-195C-48DD-BFB4-73018D06EFCC}.Debug|Any CPU.Build.0 = Debug|Any CPU
		{44286B16-195C-48DD-BFB4-73018D06EFCC}.Debug|arm64.ActiveCfg = Debug|Any CPU
		{44286B16-195C-48DD-BFB4-73018D06EFCC}.Debug|arm64.Build.0 = Debug|Any CPU
		{44286B16-195C-48DD-BFB4-73018D06EFCC}.Debug|x64.ActiveCfg = Debug|Any CPU
		{44286B16-195C-48DD-BFB4-73018D06EFCC}.Debug|x64.Build.0 = Debug|Any CPU
		{44286B16-195C-48DD-BFB4-73018D06EFCC}.Debug|x86.ActiveCfg = Debug|Any CPU
		{44286B16-195C-48DD-BFB4-73018D06EFCC}.Debug|x86.Build.0 = Debug|Any CPU
		{44286B16-195C-48DD-BFB4-73018D06EFCC}.Release|Any CPU.ActiveCfg = Release|Any CPU
		{44286B16-195C-48DD-BFB4-73018D06EFCC}.Release|Any CPU.Build.0 = Release|Any CPU
		{44286B16-195C-48DD-BFB4-73018D06EFCC}.Release|arm64.ActiveCfg = Release|Any CPU
		{44286B16-195C-48DD-BFB4-73018D06EFCC}.Release|arm64.Build.0 = Release|Any CPU
		{44286B16-195C-48DD-BFB4-73018D06EFCC}.Release|x64.ActiveCfg = Release|Any CPU
		{44286B16-195C-48DD-BFB4-73018D06EFCC}.Release|x64.Build.0 = Release|Any CPU
		{44286B16-195C-48DD-BFB4-73018D06EFCC}.Release|x86.ActiveCfg = Release|Any CPU
		{44286B16-195C-48DD-BFB4-73018D06EFCC}.Release|x86.Build.0 = Release|Any CPU
		{C791528D-F9F4-4F3A-B4E5-51A29265D665}.Debug|Any CPU.ActiveCfg = Debug|Any CPU
		{C791528D-F9F4-4F3A-B4E5-51A29265D665}.Debug|Any CPU.Build.0 = Debug|Any CPU
		{C791528D-F9F4-4F3A-B4E5-51A29265D665}.Debug|arm64.ActiveCfg = Debug|Any CPU
		{C791528D-F9F4-4F3A-B4E5-51A29265D665}.Debug|arm64.Build.0 = Debug|Any CPU
		{C791528D-F9F4-4F3A-B4E5-51A29265D665}.Debug|x64.ActiveCfg = Debug|Any CPU
		{C791528D-F9F4-4F3A-B4E5-51A29265D665}.Debug|x64.Build.0 = Debug|Any CPU
		{C791528D-F9F4-4F3A-B4E5-51A29265D665}.Debug|x86.ActiveCfg = Debug|Any CPU
		{C791528D-F9F4-4F3A-B4E5-51A29265D665}.Debug|x86.Build.0 = Debug|Any CPU
		{C791528D-F9F4-4F3A-B4E5-51A29265D665}.Release|Any CPU.ActiveCfg = Release|Any CPU
		{C791528D-F9F4-4F3A-B4E5-51A29265D665}.Release|Any CPU.Build.0 = Release|Any CPU
		{C791528D-F9F4-4F3A-B4E5-51A29265D665}.Release|arm64.ActiveCfg = Release|Any CPU
		{C791528D-F9F4-4F3A-B4E5-51A29265D665}.Release|arm64.Build.0 = Release|Any CPU
		{C791528D-F9F4-4F3A-B4E5-51A29265D665}.Release|x64.ActiveCfg = Release|Any CPU
		{C791528D-F9F4-4F3A-B4E5-51A29265D665}.Release|x64.Build.0 = Release|Any CPU
		{C791528D-F9F4-4F3A-B4E5-51A29265D665}.Release|x86.ActiveCfg = Release|Any CPU
		{C791528D-F9F4-4F3A-B4E5-51A29265D665}.Release|x86.Build.0 = Release|Any CPU
		{3C058127-E65F-4D8D-9602-CDBE0F77F92B}.Debug|Any CPU.ActiveCfg = Debug|Any CPU
		{3C058127-E65F-4D8D-9602-CDBE0F77F92B}.Debug|Any CPU.Build.0 = Debug|Any CPU
		{3C058127-E65F-4D8D-9602-CDBE0F77F92B}.Debug|arm64.ActiveCfg = Debug|Any CPU
		{3C058127-E65F-4D8D-9602-CDBE0F77F92B}.Debug|arm64.Build.0 = Debug|Any CPU
		{3C058127-E65F-4D8D-9602-CDBE0F77F92B}.Debug|x64.ActiveCfg = Debug|Any CPU
		{3C058127-E65F-4D8D-9602-CDBE0F77F92B}.Debug|x64.Build.0 = Debug|Any CPU
		{3C058127-E65F-4D8D-9602-CDBE0F77F92B}.Debug|x86.ActiveCfg = Debug|Any CPU
		{3C058127-E65F-4D8D-9602-CDBE0F77F92B}.Debug|x86.Build.0 = Debug|Any CPU
		{3C058127-E65F-4D8D-9602-CDBE0F77F92B}.Release|Any CPU.ActiveCfg = Release|Any CPU
		{3C058127-E65F-4D8D-9602-CDBE0F77F92B}.Release|Any CPU.Build.0 = Release|Any CPU
		{3C058127-E65F-4D8D-9602-CDBE0F77F92B}.Release|arm64.ActiveCfg = Release|Any CPU
		{3C058127-E65F-4D8D-9602-CDBE0F77F92B}.Release|arm64.Build.0 = Release|Any CPU
		{3C058127-E65F-4D8D-9602-CDBE0F77F92B}.Release|x64.ActiveCfg = Release|Any CPU
		{3C058127-E65F-4D8D-9602-CDBE0F77F92B}.Release|x64.Build.0 = Release|Any CPU
		{3C058127-E65F-4D8D-9602-CDBE0F77F92B}.Release|x86.ActiveCfg = Release|Any CPU
		{3C058127-E65F-4D8D-9602-CDBE0F77F92B}.Release|x86.Build.0 = Release|Any CPU
		{AD90A4EA-284E-4A77-8100-184595C1EA91}.Debug|Any CPU.ActiveCfg = Debug|Any CPU
		{AD90A4EA-284E-4A77-8100-184595C1EA91}.Debug|Any CPU.Build.0 = Debug|Any CPU
		{AD90A4EA-284E-4A77-8100-184595C1EA91}.Debug|arm64.ActiveCfg = Debug|Any CPU
		{AD90A4EA-284E-4A77-8100-184595C1EA91}.Debug|arm64.Build.0 = Debug|Any CPU
		{AD90A4EA-284E-4A77-8100-184595C1EA91}.Debug|x64.ActiveCfg = Debug|Any CPU
		{AD90A4EA-284E-4A77-8100-184595C1EA91}.Debug|x64.Build.0 = Debug|Any CPU
		{AD90A4EA-284E-4A77-8100-184595C1EA91}.Debug|x86.ActiveCfg = Debug|Any CPU
		{AD90A4EA-284E-4A77-8100-184595C1EA91}.Debug|x86.Build.0 = Debug|Any CPU
		{AD90A4EA-284E-4A77-8100-184595C1EA91}.Release|Any CPU.ActiveCfg = Release|Any CPU
		{AD90A4EA-284E-4A77-8100-184595C1EA91}.Release|Any CPU.Build.0 = Release|Any CPU
		{AD90A4EA-284E-4A77-8100-184595C1EA91}.Release|arm64.ActiveCfg = Release|Any CPU
		{AD90A4EA-284E-4A77-8100-184595C1EA91}.Release|arm64.Build.0 = Release|Any CPU
		{AD90A4EA-284E-4A77-8100-184595C1EA91}.Release|x64.ActiveCfg = Release|Any CPU
		{AD90A4EA-284E-4A77-8100-184595C1EA91}.Release|x64.Build.0 = Release|Any CPU
		{AD90A4EA-284E-4A77-8100-184595C1EA91}.Release|x86.ActiveCfg = Release|Any CPU
		{AD90A4EA-284E-4A77-8100-184595C1EA91}.Release|x86.Build.0 = Release|Any CPU
		{7A010E41-7BA6-4D92-A0B9-7257BD1E6F80}.Debug|Any CPU.ActiveCfg = Debug|Any CPU
		{7A010E41-7BA6-4D92-A0B9-7257BD1E6F80}.Debug|Any CPU.Build.0 = Debug|Any CPU
		{7A010E41-7BA6-4D92-A0B9-7257BD1E6F80}.Debug|arm64.ActiveCfg = Debug|Any CPU
		{7A010E41-7BA6-4D92-A0B9-7257BD1E6F80}.Debug|arm64.Build.0 = Debug|Any CPU
		{7A010E41-7BA6-4D92-A0B9-7257BD1E6F80}.Debug|x64.ActiveCfg = Debug|Any CPU
		{7A010E41-7BA6-4D92-A0B9-7257BD1E6F80}.Debug|x64.Build.0 = Debug|Any CPU
		{7A010E41-7BA6-4D92-A0B9-7257BD1E6F80}.Debug|x86.ActiveCfg = Debug|Any CPU
		{7A010E41-7BA6-4D92-A0B9-7257BD1E6F80}.Debug|x86.Build.0 = Debug|Any CPU
		{7A010E41-7BA6-4D92-A0B9-7257BD1E6F80}.Release|Any CPU.ActiveCfg = Release|Any CPU
		{7A010E41-7BA6-4D92-A0B9-7257BD1E6F80}.Release|Any CPU.Build.0 = Release|Any CPU
		{7A010E41-7BA6-4D92-A0B9-7257BD1E6F80}.Release|arm64.ActiveCfg = Release|Any CPU
		{7A010E41-7BA6-4D92-A0B9-7257BD1E6F80}.Release|arm64.Build.0 = Release|Any CPU
		{7A010E41-7BA6-4D92-A0B9-7257BD1E6F80}.Release|x64.ActiveCfg = Release|Any CPU
		{7A010E41-7BA6-4D92-A0B9-7257BD1E6F80}.Release|x64.Build.0 = Release|Any CPU
		{7A010E41-7BA6-4D92-A0B9-7257BD1E6F80}.Release|x86.ActiveCfg = Release|Any CPU
		{7A010E41-7BA6-4D92-A0B9-7257BD1E6F80}.Release|x86.Build.0 = Release|Any CPU
		{FB158D60-16EE-4972-951B-35CF3E159F66}.Debug|Any CPU.ActiveCfg = Debug|Any CPU
		{FB158D60-16EE-4972-951B-35CF3E159F66}.Debug|Any CPU.Build.0 = Debug|Any CPU
		{FB158D60-16EE-4972-951B-35CF3E159F66}.Debug|arm64.ActiveCfg = Debug|Any CPU
		{FB158D60-16EE-4972-951B-35CF3E159F66}.Debug|arm64.Build.0 = Debug|Any CPU
		{FB158D60-16EE-4972-951B-35CF3E159F66}.Debug|x64.ActiveCfg = Debug|Any CPU
		{FB158D60-16EE-4972-951B-35CF3E159F66}.Debug|x64.Build.0 = Debug|Any CPU
		{FB158D60-16EE-4972-951B-35CF3E159F66}.Debug|x86.ActiveCfg = Debug|Any CPU
		{FB158D60-16EE-4972-951B-35CF3E159F66}.Debug|x86.Build.0 = Debug|Any CPU
		{FB158D60-16EE-4972-951B-35CF3E159F66}.Release|Any CPU.ActiveCfg = Release|Any CPU
		{FB158D60-16EE-4972-951B-35CF3E159F66}.Release|Any CPU.Build.0 = Release|Any CPU
		{FB158D60-16EE-4972-951B-35CF3E159F66}.Release|arm64.ActiveCfg = Release|Any CPU
		{FB158D60-16EE-4972-951B-35CF3E159F66}.Release|arm64.Build.0 = Release|Any CPU
		{FB158D60-16EE-4972-951B-35CF3E159F66}.Release|x64.ActiveCfg = Release|Any CPU
		{FB158D60-16EE-4972-951B-35CF3E159F66}.Release|x64.Build.0 = Release|Any CPU
		{FB158D60-16EE-4972-951B-35CF3E159F66}.Release|x86.ActiveCfg = Release|Any CPU
		{FB158D60-16EE-4972-951B-35CF3E159F66}.Release|x86.Build.0 = Release|Any CPU
		{587A68D3-16E9-4E0F-91D0-F90386F21E54}.Debug|Any CPU.ActiveCfg = Debug|Any CPU
		{587A68D3-16E9-4E0F-91D0-F90386F21E54}.Debug|Any CPU.Build.0 = Debug|Any CPU
		{587A68D3-16E9-4E0F-91D0-F90386F21E54}.Debug|arm64.ActiveCfg = Debug|Any CPU
		{587A68D3-16E9-4E0F-91D0-F90386F21E54}.Debug|arm64.Build.0 = Debug|Any CPU
		{587A68D3-16E9-4E0F-91D0-F90386F21E54}.Debug|x64.ActiveCfg = Debug|Any CPU
		{587A68D3-16E9-4E0F-91D0-F90386F21E54}.Debug|x64.Build.0 = Debug|Any CPU
		{587A68D3-16E9-4E0F-91D0-F90386F21E54}.Debug|x86.ActiveCfg = Debug|Any CPU
		{587A68D3-16E9-4E0F-91D0-F90386F21E54}.Debug|x86.Build.0 = Debug|Any CPU
		{587A68D3-16E9-4E0F-91D0-F90386F21E54}.Release|Any CPU.ActiveCfg = Release|Any CPU
		{587A68D3-16E9-4E0F-91D0-F90386F21E54}.Release|Any CPU.Build.0 = Release|Any CPU
		{587A68D3-16E9-4E0F-91D0-F90386F21E54}.Release|arm64.ActiveCfg = Release|Any CPU
		{587A68D3-16E9-4E0F-91D0-F90386F21E54}.Release|arm64.Build.0 = Release|Any CPU
		{587A68D3-16E9-4E0F-91D0-F90386F21E54}.Release|x64.ActiveCfg = Release|Any CPU
		{587A68D3-16E9-4E0F-91D0-F90386F21E54}.Release|x64.Build.0 = Release|Any CPU
		{587A68D3-16E9-4E0F-91D0-F90386F21E54}.Release|x86.ActiveCfg = Release|Any CPU
		{587A68D3-16E9-4E0F-91D0-F90386F21E54}.Release|x86.Build.0 = Release|Any CPU
		{F477EAB8-5B13-4743-A465-582939E4E103}.Debug|Any CPU.ActiveCfg = Debug|Any CPU
		{F477EAB8-5B13-4743-A465-582939E4E103}.Debug|Any CPU.Build.0 = Debug|Any CPU
		{F477EAB8-5B13-4743-A465-582939E4E103}.Debug|arm64.ActiveCfg = Debug|Any CPU
		{F477EAB8-5B13-4743-A465-582939E4E103}.Debug|arm64.Build.0 = Debug|Any CPU
		{F477EAB8-5B13-4743-A465-582939E4E103}.Debug|x64.ActiveCfg = Debug|Any CPU
		{F477EAB8-5B13-4743-A465-582939E4E103}.Debug|x64.Build.0 = Debug|Any CPU
		{F477EAB8-5B13-4743-A465-582939E4E103}.Debug|x86.ActiveCfg = Debug|Any CPU
		{F477EAB8-5B13-4743-A465-582939E4E103}.Debug|x86.Build.0 = Debug|Any CPU
		{F477EAB8-5B13-4743-A465-582939E4E103}.Release|Any CPU.ActiveCfg = Release|Any CPU
		{F477EAB8-5B13-4743-A465-582939E4E103}.Release|Any CPU.Build.0 = Release|Any CPU
		{F477EAB8-5B13-4743-A465-582939E4E103}.Release|arm64.ActiveCfg = Release|Any CPU
		{F477EAB8-5B13-4743-A465-582939E4E103}.Release|arm64.Build.0 = Release|Any CPU
		{F477EAB8-5B13-4743-A465-582939E4E103}.Release|x64.ActiveCfg = Release|Any CPU
		{F477EAB8-5B13-4743-A465-582939E4E103}.Release|x64.Build.0 = Release|Any CPU
		{F477EAB8-5B13-4743-A465-582939E4E103}.Release|x86.ActiveCfg = Release|Any CPU
		{F477EAB8-5B13-4743-A465-582939E4E103}.Release|x86.Build.0 = Release|Any CPU
		{6CA2B514-0B68-4994-9195-3F9D623FD7D6}.Debug|Any CPU.ActiveCfg = Debug|Any CPU
		{6CA2B514-0B68-4994-9195-3F9D623FD7D6}.Debug|Any CPU.Build.0 = Debug|Any CPU
		{6CA2B514-0B68-4994-9195-3F9D623FD7D6}.Debug|arm64.ActiveCfg = Debug|Any CPU
		{6CA2B514-0B68-4994-9195-3F9D623FD7D6}.Debug|arm64.Build.0 = Debug|Any CPU
		{6CA2B514-0B68-4994-9195-3F9D623FD7D6}.Debug|x64.ActiveCfg = Debug|Any CPU
		{6CA2B514-0B68-4994-9195-3F9D623FD7D6}.Debug|x64.Build.0 = Debug|Any CPU
		{6CA2B514-0B68-4994-9195-3F9D623FD7D6}.Debug|x86.ActiveCfg = Debug|Any CPU
		{6CA2B514-0B68-4994-9195-3F9D623FD7D6}.Debug|x86.Build.0 = Debug|Any CPU
		{6CA2B514-0B68-4994-9195-3F9D623FD7D6}.Release|Any CPU.ActiveCfg = Release|Any CPU
		{6CA2B514-0B68-4994-9195-3F9D623FD7D6}.Release|Any CPU.Build.0 = Release|Any CPU
		{6CA2B514-0B68-4994-9195-3F9D623FD7D6}.Release|arm64.ActiveCfg = Release|Any CPU
		{6CA2B514-0B68-4994-9195-3F9D623FD7D6}.Release|arm64.Build.0 = Release|Any CPU
		{6CA2B514-0B68-4994-9195-3F9D623FD7D6}.Release|x64.ActiveCfg = Release|Any CPU
		{6CA2B514-0B68-4994-9195-3F9D623FD7D6}.Release|x64.Build.0 = Release|Any CPU
		{6CA2B514-0B68-4994-9195-3F9D623FD7D6}.Release|x86.ActiveCfg = Release|Any CPU
		{6CA2B514-0B68-4994-9195-3F9D623FD7D6}.Release|x86.Build.0 = Release|Any CPU
		{55EFED1B-0832-4112-9DB4-B2105346005F}.Debug|Any CPU.ActiveCfg = Debug|Any CPU
		{55EFED1B-0832-4112-9DB4-B2105346005F}.Debug|Any CPU.Build.0 = Debug|Any CPU
		{55EFED1B-0832-4112-9DB4-B2105346005F}.Debug|arm64.ActiveCfg = Debug|Any CPU
		{55EFED1B-0832-4112-9DB4-B2105346005F}.Debug|arm64.Build.0 = Debug|Any CPU
		{55EFED1B-0832-4112-9DB4-B2105346005F}.Debug|x64.ActiveCfg = Debug|Any CPU
		{55EFED1B-0832-4112-9DB4-B2105346005F}.Debug|x64.Build.0 = Debug|Any CPU
		{55EFED1B-0832-4112-9DB4-B2105346005F}.Debug|x86.ActiveCfg = Debug|Any CPU
		{55EFED1B-0832-4112-9DB4-B2105346005F}.Debug|x86.Build.0 = Debug|Any CPU
		{55EFED1B-0832-4112-9DB4-B2105346005F}.Release|Any CPU.ActiveCfg = Release|Any CPU
		{55EFED1B-0832-4112-9DB4-B2105346005F}.Release|Any CPU.Build.0 = Release|Any CPU
		{55EFED1B-0832-4112-9DB4-B2105346005F}.Release|arm64.ActiveCfg = Release|Any CPU
		{55EFED1B-0832-4112-9DB4-B2105346005F}.Release|arm64.Build.0 = Release|Any CPU
		{55EFED1B-0832-4112-9DB4-B2105346005F}.Release|x64.ActiveCfg = Release|Any CPU
		{55EFED1B-0832-4112-9DB4-B2105346005F}.Release|x64.Build.0 = Release|Any CPU
		{55EFED1B-0832-4112-9DB4-B2105346005F}.Release|x86.ActiveCfg = Release|Any CPU
		{55EFED1B-0832-4112-9DB4-B2105346005F}.Release|x86.Build.0 = Release|Any CPU
		{9F0FBA3A-CF5F-4BA0-B6ED-FAE3A39F01CF}.Debug|Any CPU.ActiveCfg = Debug|Any CPU
		{9F0FBA3A-CF5F-4BA0-B6ED-FAE3A39F01CF}.Debug|Any CPU.Build.0 = Debug|Any CPU
		{9F0FBA3A-CF5F-4BA0-B6ED-FAE3A39F01CF}.Debug|arm64.ActiveCfg = Debug|Any CPU
		{9F0FBA3A-CF5F-4BA0-B6ED-FAE3A39F01CF}.Debug|arm64.Build.0 = Debug|Any CPU
		{9F0FBA3A-CF5F-4BA0-B6ED-FAE3A39F01CF}.Debug|x64.ActiveCfg = Debug|Any CPU
		{9F0FBA3A-CF5F-4BA0-B6ED-FAE3A39F01CF}.Debug|x64.Build.0 = Debug|Any CPU
		{9F0FBA3A-CF5F-4BA0-B6ED-FAE3A39F01CF}.Debug|x86.ActiveCfg = Debug|Any CPU
		{9F0FBA3A-CF5F-4BA0-B6ED-FAE3A39F01CF}.Debug|x86.Build.0 = Debug|Any CPU
		{9F0FBA3A-CF5F-4BA0-B6ED-FAE3A39F01CF}.Release|Any CPU.ActiveCfg = Release|Any CPU
		{9F0FBA3A-CF5F-4BA0-B6ED-FAE3A39F01CF}.Release|Any CPU.Build.0 = Release|Any CPU
		{9F0FBA3A-CF5F-4BA0-B6ED-FAE3A39F01CF}.Release|arm64.ActiveCfg = Release|Any CPU
		{9F0FBA3A-CF5F-4BA0-B6ED-FAE3A39F01CF}.Release|arm64.Build.0 = Release|Any CPU
		{9F0FBA3A-CF5F-4BA0-B6ED-FAE3A39F01CF}.Release|x64.ActiveCfg = Release|Any CPU
		{9F0FBA3A-CF5F-4BA0-B6ED-FAE3A39F01CF}.Release|x64.Build.0 = Release|Any CPU
		{9F0FBA3A-CF5F-4BA0-B6ED-FAE3A39F01CF}.Release|x86.ActiveCfg = Release|Any CPU
		{9F0FBA3A-CF5F-4BA0-B6ED-FAE3A39F01CF}.Release|x86.Build.0 = Release|Any CPU
		{4B1FE8E0-89BB-4288-8F3F-E5B9D5C03B5B}.Debug|Any CPU.ActiveCfg = Debug|Any CPU
		{4B1FE8E0-89BB-4288-8F3F-E5B9D5C03B5B}.Debug|Any CPU.Build.0 = Debug|Any CPU
		{4B1FE8E0-89BB-4288-8F3F-E5B9D5C03B5B}.Debug|arm64.ActiveCfg = Debug|Any CPU
		{4B1FE8E0-89BB-4288-8F3F-E5B9D5C03B5B}.Debug|arm64.Build.0 = Debug|Any CPU
		{4B1FE8E0-89BB-4288-8F3F-E5B9D5C03B5B}.Debug|x64.ActiveCfg = Debug|Any CPU
		{4B1FE8E0-89BB-4288-8F3F-E5B9D5C03B5B}.Debug|x64.Build.0 = Debug|Any CPU
		{4B1FE8E0-89BB-4288-8F3F-E5B9D5C03B5B}.Debug|x86.ActiveCfg = Debug|Any CPU
		{4B1FE8E0-89BB-4288-8F3F-E5B9D5C03B5B}.Debug|x86.Build.0 = Debug|Any CPU
		{4B1FE8E0-89BB-4288-8F3F-E5B9D5C03B5B}.Release|Any CPU.ActiveCfg = Release|Any CPU
		{4B1FE8E0-89BB-4288-8F3F-E5B9D5C03B5B}.Release|Any CPU.Build.0 = Release|Any CPU
		{4B1FE8E0-89BB-4288-8F3F-E5B9D5C03B5B}.Release|arm64.ActiveCfg = Release|Any CPU
		{4B1FE8E0-89BB-4288-8F3F-E5B9D5C03B5B}.Release|arm64.Build.0 = Release|Any CPU
		{4B1FE8E0-89BB-4288-8F3F-E5B9D5C03B5B}.Release|x64.ActiveCfg = Release|Any CPU
		{4B1FE8E0-89BB-4288-8F3F-E5B9D5C03B5B}.Release|x64.Build.0 = Release|Any CPU
		{4B1FE8E0-89BB-4288-8F3F-E5B9D5C03B5B}.Release|x86.ActiveCfg = Release|Any CPU
		{4B1FE8E0-89BB-4288-8F3F-E5B9D5C03B5B}.Release|x86.Build.0 = Release|Any CPU
		{049B0E96-EBE4-4BAB-9F86-7A5B8900D2F0}.Debug|Any CPU.ActiveCfg = Debug|Any CPU
		{049B0E96-EBE4-4BAB-9F86-7A5B8900D2F0}.Debug|Any CPU.Build.0 = Debug|Any CPU
		{049B0E96-EBE4-4BAB-9F86-7A5B8900D2F0}.Debug|arm64.ActiveCfg = Debug|Any CPU
		{049B0E96-EBE4-4BAB-9F86-7A5B8900D2F0}.Debug|arm64.Build.0 = Debug|Any CPU
		{049B0E96-EBE4-4BAB-9F86-7A5B8900D2F0}.Debug|x64.ActiveCfg = Debug|Any CPU
		{049B0E96-EBE4-4BAB-9F86-7A5B8900D2F0}.Debug|x64.Build.0 = Debug|Any CPU
		{049B0E96-EBE4-4BAB-9F86-7A5B8900D2F0}.Debug|x86.ActiveCfg = Debug|Any CPU
		{049B0E96-EBE4-4BAB-9F86-7A5B8900D2F0}.Debug|x86.Build.0 = Debug|Any CPU
		{049B0E96-EBE4-4BAB-9F86-7A5B8900D2F0}.Release|Any CPU.ActiveCfg = Release|Any CPU
		{049B0E96-EBE4-4BAB-9F86-7A5B8900D2F0}.Release|Any CPU.Build.0 = Release|Any CPU
		{049B0E96-EBE4-4BAB-9F86-7A5B8900D2F0}.Release|arm64.ActiveCfg = Release|Any CPU
		{049B0E96-EBE4-4BAB-9F86-7A5B8900D2F0}.Release|arm64.Build.0 = Release|Any CPU
		{049B0E96-EBE4-4BAB-9F86-7A5B8900D2F0}.Release|x64.ActiveCfg = Release|Any CPU
		{049B0E96-EBE4-4BAB-9F86-7A5B8900D2F0}.Release|x64.Build.0 = Release|Any CPU
		{049B0E96-EBE4-4BAB-9F86-7A5B8900D2F0}.Release|x86.ActiveCfg = Release|Any CPU
		{049B0E96-EBE4-4BAB-9F86-7A5B8900D2F0}.Release|x86.Build.0 = Release|Any CPU
		{6B5A7E36-B39C-409F-9ED6-13FA0F888FC9}.Debug|Any CPU.ActiveCfg = Debug|Any CPU
		{6B5A7E36-B39C-409F-9ED6-13FA0F888FC9}.Debug|Any CPU.Build.0 = Debug|Any CPU
		{6B5A7E36-B39C-409F-9ED6-13FA0F888FC9}.Debug|Any CPU.Deploy.0 = Debug|Any CPU
		{6B5A7E36-B39C-409F-9ED6-13FA0F888FC9}.Debug|arm64.ActiveCfg = Debug|Any CPU
		{6B5A7E36-B39C-409F-9ED6-13FA0F888FC9}.Debug|arm64.Build.0 = Debug|Any CPU
		{6B5A7E36-B39C-409F-9ED6-13FA0F888FC9}.Debug|arm64.Deploy.0 = Debug|Any CPU
		{6B5A7E36-B39C-409F-9ED6-13FA0F888FC9}.Debug|x64.ActiveCfg = Debug|Any CPU
		{6B5A7E36-B39C-409F-9ED6-13FA0F888FC9}.Debug|x64.Build.0 = Debug|Any CPU
		{6B5A7E36-B39C-409F-9ED6-13FA0F888FC9}.Debug|x64.Deploy.0 = Debug|Any CPU
		{6B5A7E36-B39C-409F-9ED6-13FA0F888FC9}.Debug|x86.ActiveCfg = Debug|Any CPU
		{6B5A7E36-B39C-409F-9ED6-13FA0F888FC9}.Debug|x86.Build.0 = Debug|Any CPU
		{6B5A7E36-B39C-409F-9ED6-13FA0F888FC9}.Debug|x86.Deploy.0 = Debug|Any CPU
		{6B5A7E36-B39C-409F-9ED6-13FA0F888FC9}.Release|Any CPU.ActiveCfg = Release|Any CPU
		{6B5A7E36-B39C-409F-9ED6-13FA0F888FC9}.Release|Any CPU.Build.0 = Release|Any CPU
		{6B5A7E36-B39C-409F-9ED6-13FA0F888FC9}.Release|Any CPU.Deploy.0 = Release|Any CPU
		{6B5A7E36-B39C-409F-9ED6-13FA0F888FC9}.Release|arm64.ActiveCfg = Release|Any CPU
		{6B5A7E36-B39C-409F-9ED6-13FA0F888FC9}.Release|arm64.Build.0 = Release|Any CPU
		{6B5A7E36-B39C-409F-9ED6-13FA0F888FC9}.Release|arm64.Deploy.0 = Release|Any CPU
		{6B5A7E36-B39C-409F-9ED6-13FA0F888FC9}.Release|x64.ActiveCfg = Release|Any CPU
		{6B5A7E36-B39C-409F-9ED6-13FA0F888FC9}.Release|x64.Build.0 = Release|Any CPU
		{6B5A7E36-B39C-409F-9ED6-13FA0F888FC9}.Release|x64.Deploy.0 = Release|Any CPU
		{6B5A7E36-B39C-409F-9ED6-13FA0F888FC9}.Release|x86.ActiveCfg = Release|Any CPU
		{6B5A7E36-B39C-409F-9ED6-13FA0F888FC9}.Release|x86.Build.0 = Release|Any CPU
		{6B5A7E36-B39C-409F-9ED6-13FA0F888FC9}.Release|x86.Deploy.0 = Release|Any CPU
		{22B5E612-F20F-40DE-8901-AE127121806D}.Debug|Any CPU.ActiveCfg = Debug|Any CPU
		{22B5E612-F20F-40DE-8901-AE127121806D}.Debug|Any CPU.Build.0 = Debug|Any CPU
		{22B5E612-F20F-40DE-8901-AE127121806D}.Debug|arm64.ActiveCfg = Debug|Any CPU
		{22B5E612-F20F-40DE-8901-AE127121806D}.Debug|arm64.Build.0 = Debug|Any CPU
		{22B5E612-F20F-40DE-8901-AE127121806D}.Debug|x64.ActiveCfg = Debug|Any CPU
		{22B5E612-F20F-40DE-8901-AE127121806D}.Debug|x64.Build.0 = Debug|Any CPU
		{22B5E612-F20F-40DE-8901-AE127121806D}.Debug|x86.ActiveCfg = Debug|Any CPU
		{22B5E612-F20F-40DE-8901-AE127121806D}.Debug|x86.Build.0 = Debug|Any CPU
		{22B5E612-F20F-40DE-8901-AE127121806D}.Release|Any CPU.ActiveCfg = Release|Any CPU
		{22B5E612-F20F-40DE-8901-AE127121806D}.Release|Any CPU.Build.0 = Release|Any CPU
		{22B5E612-F20F-40DE-8901-AE127121806D}.Release|arm64.ActiveCfg = Release|Any CPU
		{22B5E612-F20F-40DE-8901-AE127121806D}.Release|arm64.Build.0 = Release|Any CPU
		{22B5E612-F20F-40DE-8901-AE127121806D}.Release|x64.ActiveCfg = Release|Any CPU
		{22B5E612-F20F-40DE-8901-AE127121806D}.Release|x64.Build.0 = Release|Any CPU
		{22B5E612-F20F-40DE-8901-AE127121806D}.Release|x86.ActiveCfg = Release|Any CPU
		{22B5E612-F20F-40DE-8901-AE127121806D}.Release|x86.Build.0 = Release|Any CPU
		{A40DC695-D4F8-447E-A5A8-75F1CFB7C32E}.Debug|Any CPU.ActiveCfg = Debug|Any CPU
		{A40DC695-D4F8-447E-A5A8-75F1CFB7C32E}.Debug|Any CPU.Build.0 = Debug|Any CPU
		{A40DC695-D4F8-447E-A5A8-75F1CFB7C32E}.Debug|arm64.ActiveCfg = Debug|Any CPU
		{A40DC695-D4F8-447E-A5A8-75F1CFB7C32E}.Debug|arm64.Build.0 = Debug|Any CPU
		{A40DC695-D4F8-447E-A5A8-75F1CFB7C32E}.Debug|x64.ActiveCfg = Debug|Any CPU
		{A40DC695-D4F8-447E-A5A8-75F1CFB7C32E}.Debug|x64.Build.0 = Debug|Any CPU
		{A40DC695-D4F8-447E-A5A8-75F1CFB7C32E}.Debug|x86.ActiveCfg = Debug|Any CPU
		{A40DC695-D4F8-447E-A5A8-75F1CFB7C32E}.Debug|x86.Build.0 = Debug|Any CPU
		{A40DC695-D4F8-447E-A5A8-75F1CFB7C32E}.Release|Any CPU.ActiveCfg = Release|Any CPU
		{A40DC695-D4F8-447E-A5A8-75F1CFB7C32E}.Release|Any CPU.Build.0 = Release|Any CPU
		{A40DC695-D4F8-447E-A5A8-75F1CFB7C32E}.Release|arm64.ActiveCfg = Release|Any CPU
		{A40DC695-D4F8-447E-A5A8-75F1CFB7C32E}.Release|arm64.Build.0 = Release|Any CPU
		{A40DC695-D4F8-447E-A5A8-75F1CFB7C32E}.Release|x64.ActiveCfg = Release|Any CPU
		{A40DC695-D4F8-447E-A5A8-75F1CFB7C32E}.Release|x64.Build.0 = Release|Any CPU
		{A40DC695-D4F8-447E-A5A8-75F1CFB7C32E}.Release|x86.ActiveCfg = Release|Any CPU
		{A40DC695-D4F8-447E-A5A8-75F1CFB7C32E}.Release|x86.Build.0 = Release|Any CPU
		{469E3994-67B2-4C7C-BEC1-523CFC94BE4C}.Debug|Any CPU.ActiveCfg = Debug|Any CPU
		{469E3994-67B2-4C7C-BEC1-523CFC94BE4C}.Debug|Any CPU.Build.0 = Debug|Any CPU
		{469E3994-67B2-4C7C-BEC1-523CFC94BE4C}.Debug|arm64.ActiveCfg = Debug|Any CPU
		{469E3994-67B2-4C7C-BEC1-523CFC94BE4C}.Debug|arm64.Build.0 = Debug|Any CPU
		{469E3994-67B2-4C7C-BEC1-523CFC94BE4C}.Debug|x64.ActiveCfg = Debug|Any CPU
		{469E3994-67B2-4C7C-BEC1-523CFC94BE4C}.Debug|x64.Build.0 = Debug|Any CPU
		{469E3994-67B2-4C7C-BEC1-523CFC94BE4C}.Debug|x86.ActiveCfg = Debug|Any CPU
		{469E3994-67B2-4C7C-BEC1-523CFC94BE4C}.Debug|x86.Build.0 = Debug|Any CPU
		{469E3994-67B2-4C7C-BEC1-523CFC94BE4C}.Release|Any CPU.ActiveCfg = Release|Any CPU
		{469E3994-67B2-4C7C-BEC1-523CFC94BE4C}.Release|Any CPU.Build.0 = Release|Any CPU
		{469E3994-67B2-4C7C-BEC1-523CFC94BE4C}.Release|arm64.ActiveCfg = Release|Any CPU
		{469E3994-67B2-4C7C-BEC1-523CFC94BE4C}.Release|arm64.Build.0 = Release|Any CPU
		{469E3994-67B2-4C7C-BEC1-523CFC94BE4C}.Release|x64.ActiveCfg = Release|Any CPU
		{469E3994-67B2-4C7C-BEC1-523CFC94BE4C}.Release|x64.Build.0 = Release|Any CPU
		{469E3994-67B2-4C7C-BEC1-523CFC94BE4C}.Release|x86.ActiveCfg = Release|Any CPU
		{469E3994-67B2-4C7C-BEC1-523CFC94BE4C}.Release|x86.Build.0 = Release|Any CPU
		{60722BD2-D016-4119-94C4-A5BCE9C1FF03}.Debug|Any CPU.ActiveCfg = Debug|Any CPU
		{60722BD2-D016-4119-94C4-A5BCE9C1FF03}.Debug|Any CPU.Build.0 = Debug|Any CPU
		{60722BD2-D016-4119-94C4-A5BCE9C1FF03}.Debug|arm64.ActiveCfg = Debug|Any CPU
		{60722BD2-D016-4119-94C4-A5BCE9C1FF03}.Debug|arm64.Build.0 = Debug|Any CPU
		{60722BD2-D016-4119-94C4-A5BCE9C1FF03}.Debug|x64.ActiveCfg = Debug|Any CPU
		{60722BD2-D016-4119-94C4-A5BCE9C1FF03}.Debug|x64.Build.0 = Debug|Any CPU
		{60722BD2-D016-4119-94C4-A5BCE9C1FF03}.Debug|x86.ActiveCfg = Debug|Any CPU
		{60722BD2-D016-4119-94C4-A5BCE9C1FF03}.Debug|x86.Build.0 = Debug|Any CPU
		{60722BD2-D016-4119-94C4-A5BCE9C1FF03}.Release|Any CPU.ActiveCfg = Release|Any CPU
		{60722BD2-D016-4119-94C4-A5BCE9C1FF03}.Release|Any CPU.Build.0 = Release|Any CPU
		{60722BD2-D016-4119-94C4-A5BCE9C1FF03}.Release|arm64.ActiveCfg = Release|Any CPU
		{60722BD2-D016-4119-94C4-A5BCE9C1FF03}.Release|arm64.Build.0 = Release|Any CPU
		{60722BD2-D016-4119-94C4-A5BCE9C1FF03}.Release|x64.ActiveCfg = Release|Any CPU
		{60722BD2-D016-4119-94C4-A5BCE9C1FF03}.Release|x64.Build.0 = Release|Any CPU
		{60722BD2-D016-4119-94C4-A5BCE9C1FF03}.Release|x86.ActiveCfg = Release|Any CPU
		{60722BD2-D016-4119-94C4-A5BCE9C1FF03}.Release|x86.Build.0 = Release|Any CPU
		{E7B58FB1-9CEC-45CF-970A-E4613341946B}.Debug|Any CPU.ActiveCfg = Debug|Any CPU
		{E7B58FB1-9CEC-45CF-970A-E4613341946B}.Debug|Any CPU.Build.0 = Debug|Any CPU
		{E7B58FB1-9CEC-45CF-970A-E4613341946B}.Debug|arm64.ActiveCfg = Debug|Any CPU
		{E7B58FB1-9CEC-45CF-970A-E4613341946B}.Debug|arm64.Build.0 = Debug|Any CPU
		{E7B58FB1-9CEC-45CF-970A-E4613341946B}.Debug|x64.ActiveCfg = Debug|Any CPU
		{E7B58FB1-9CEC-45CF-970A-E4613341946B}.Debug|x64.Build.0 = Debug|Any CPU
		{E7B58FB1-9CEC-45CF-970A-E4613341946B}.Debug|x86.ActiveCfg = Debug|Any CPU
		{E7B58FB1-9CEC-45CF-970A-E4613341946B}.Debug|x86.Build.0 = Debug|Any CPU
		{E7B58FB1-9CEC-45CF-970A-E4613341946B}.Release|Any CPU.ActiveCfg = Release|Any CPU
		{E7B58FB1-9CEC-45CF-970A-E4613341946B}.Release|Any CPU.Build.0 = Release|Any CPU
		{E7B58FB1-9CEC-45CF-970A-E4613341946B}.Release|arm64.ActiveCfg = Release|Any CPU
		{E7B58FB1-9CEC-45CF-970A-E4613341946B}.Release|arm64.Build.0 = Release|Any CPU
		{E7B58FB1-9CEC-45CF-970A-E4613341946B}.Release|x64.ActiveCfg = Release|Any CPU
		{E7B58FB1-9CEC-45CF-970A-E4613341946B}.Release|x64.Build.0 = Release|Any CPU
		{E7B58FB1-9CEC-45CF-970A-E4613341946B}.Release|x86.ActiveCfg = Release|Any CPU
		{E7B58FB1-9CEC-45CF-970A-E4613341946B}.Release|x86.Build.0 = Release|Any CPU
		{60755B4D-B0F1-4156-867A-4BC7D2CB2536}.Debug|Any CPU.ActiveCfg = Debug|Any CPU
		{60755B4D-B0F1-4156-867A-4BC7D2CB2536}.Debug|Any CPU.Build.0 = Debug|Any CPU
		{60755B4D-B0F1-4156-867A-4BC7D2CB2536}.Debug|arm64.ActiveCfg = Debug|Any CPU
		{60755B4D-B0F1-4156-867A-4BC7D2CB2536}.Debug|arm64.Build.0 = Debug|Any CPU
		{60755B4D-B0F1-4156-867A-4BC7D2CB2536}.Debug|x64.ActiveCfg = Debug|Any CPU
		{60755B4D-B0F1-4156-867A-4BC7D2CB2536}.Debug|x64.Build.0 = Debug|Any CPU
		{60755B4D-B0F1-4156-867A-4BC7D2CB2536}.Debug|x86.ActiveCfg = Debug|Any CPU
		{60755B4D-B0F1-4156-867A-4BC7D2CB2536}.Debug|x86.Build.0 = Debug|Any CPU
		{60755B4D-B0F1-4156-867A-4BC7D2CB2536}.Release|Any CPU.ActiveCfg = Release|Any CPU
		{60755B4D-B0F1-4156-867A-4BC7D2CB2536}.Release|Any CPU.Build.0 = Release|Any CPU
		{60755B4D-B0F1-4156-867A-4BC7D2CB2536}.Release|arm64.ActiveCfg = Release|Any CPU
		{60755B4D-B0F1-4156-867A-4BC7D2CB2536}.Release|arm64.Build.0 = Release|Any CPU
		{60755B4D-B0F1-4156-867A-4BC7D2CB2536}.Release|x64.ActiveCfg = Release|Any CPU
		{60755B4D-B0F1-4156-867A-4BC7D2CB2536}.Release|x64.Build.0 = Release|Any CPU
		{60755B4D-B0F1-4156-867A-4BC7D2CB2536}.Release|x86.ActiveCfg = Release|Any CPU
		{60755B4D-B0F1-4156-867A-4BC7D2CB2536}.Release|x86.Build.0 = Release|Any CPU
		{A8ECFC4A-0C4C-41B3-825B-E32914FC8A07}.Debug|Any CPU.ActiveCfg = Debug|Any CPU
		{A8ECFC4A-0C4C-41B3-825B-E32914FC8A07}.Debug|Any CPU.Build.0 = Debug|Any CPU
		{A8ECFC4A-0C4C-41B3-825B-E32914FC8A07}.Debug|arm64.ActiveCfg = Debug|Any CPU
		{A8ECFC4A-0C4C-41B3-825B-E32914FC8A07}.Debug|arm64.Build.0 = Debug|Any CPU
		{A8ECFC4A-0C4C-41B3-825B-E32914FC8A07}.Debug|x64.ActiveCfg = Debug|Any CPU
		{A8ECFC4A-0C4C-41B3-825B-E32914FC8A07}.Debug|x64.Build.0 = Debug|Any CPU
		{A8ECFC4A-0C4C-41B3-825B-E32914FC8A07}.Debug|x86.ActiveCfg = Debug|Any CPU
		{A8ECFC4A-0C4C-41B3-825B-E32914FC8A07}.Debug|x86.Build.0 = Debug|Any CPU
		{A8ECFC4A-0C4C-41B3-825B-E32914FC8A07}.Release|Any CPU.ActiveCfg = Release|Any CPU
		{A8ECFC4A-0C4C-41B3-825B-E32914FC8A07}.Release|Any CPU.Build.0 = Release|Any CPU
		{A8ECFC4A-0C4C-41B3-825B-E32914FC8A07}.Release|arm64.ActiveCfg = Release|Any CPU
		{A8ECFC4A-0C4C-41B3-825B-E32914FC8A07}.Release|arm64.Build.0 = Release|Any CPU
		{A8ECFC4A-0C4C-41B3-825B-E32914FC8A07}.Release|x64.ActiveCfg = Release|Any CPU
		{A8ECFC4A-0C4C-41B3-825B-E32914FC8A07}.Release|x64.Build.0 = Release|Any CPU
		{A8ECFC4A-0C4C-41B3-825B-E32914FC8A07}.Release|x86.ActiveCfg = Release|Any CPU
		{A8ECFC4A-0C4C-41B3-825B-E32914FC8A07}.Release|x86.Build.0 = Release|Any CPU
		{AF84C14B-2B8F-44CD-8D56-7C7439F1B0F9}.Debug|Any CPU.ActiveCfg = Debug|Any CPU
		{AF84C14B-2B8F-44CD-8D56-7C7439F1B0F9}.Debug|Any CPU.Build.0 = Debug|Any CPU
		{AF84C14B-2B8F-44CD-8D56-7C7439F1B0F9}.Debug|arm64.ActiveCfg = Debug|Any CPU
		{AF84C14B-2B8F-44CD-8D56-7C7439F1B0F9}.Debug|arm64.Build.0 = Debug|Any CPU
		{AF84C14B-2B8F-44CD-8D56-7C7439F1B0F9}.Debug|x64.ActiveCfg = Debug|Any CPU
		{AF84C14B-2B8F-44CD-8D56-7C7439F1B0F9}.Debug|x64.Build.0 = Debug|Any CPU
		{AF84C14B-2B8F-44CD-8D56-7C7439F1B0F9}.Debug|x86.ActiveCfg = Debug|Any CPU
		{AF84C14B-2B8F-44CD-8D56-7C7439F1B0F9}.Debug|x86.Build.0 = Debug|Any CPU
		{AF84C14B-2B8F-44CD-8D56-7C7439F1B0F9}.Release|Any CPU.ActiveCfg = Release|Any CPU
		{AF84C14B-2B8F-44CD-8D56-7C7439F1B0F9}.Release|Any CPU.Build.0 = Release|Any CPU
		{AF84C14B-2B8F-44CD-8D56-7C7439F1B0F9}.Release|arm64.ActiveCfg = Release|Any CPU
		{AF84C14B-2B8F-44CD-8D56-7C7439F1B0F9}.Release|arm64.Build.0 = Release|Any CPU
		{AF84C14B-2B8F-44CD-8D56-7C7439F1B0F9}.Release|x64.ActiveCfg = Release|Any CPU
		{AF84C14B-2B8F-44CD-8D56-7C7439F1B0F9}.Release|x64.Build.0 = Release|Any CPU
		{AF84C14B-2B8F-44CD-8D56-7C7439F1B0F9}.Release|x86.ActiveCfg = Release|Any CPU
		{AF84C14B-2B8F-44CD-8D56-7C7439F1B0F9}.Release|x86.Build.0 = Release|Any CPU
		{8F4677CC-587F-4C87-890C-FF88B0016424}.Debug|Any CPU.ActiveCfg = Debug|Any CPU
		{8F4677CC-587F-4C87-890C-FF88B0016424}.Debug|Any CPU.Build.0 = Debug|Any CPU
		{8F4677CC-587F-4C87-890C-FF88B0016424}.Debug|arm64.ActiveCfg = Debug|Any CPU
		{8F4677CC-587F-4C87-890C-FF88B0016424}.Debug|arm64.Build.0 = Debug|Any CPU
		{8F4677CC-587F-4C87-890C-FF88B0016424}.Debug|x64.ActiveCfg = Debug|Any CPU
		{8F4677CC-587F-4C87-890C-FF88B0016424}.Debug|x64.Build.0 = Debug|Any CPU
		{8F4677CC-587F-4C87-890C-FF88B0016424}.Debug|x86.ActiveCfg = Debug|Any CPU
		{8F4677CC-587F-4C87-890C-FF88B0016424}.Debug|x86.Build.0 = Debug|Any CPU
		{8F4677CC-587F-4C87-890C-FF88B0016424}.Release|Any CPU.ActiveCfg = Release|Any CPU
		{8F4677CC-587F-4C87-890C-FF88B0016424}.Release|Any CPU.Build.0 = Release|Any CPU
		{8F4677CC-587F-4C87-890C-FF88B0016424}.Release|arm64.ActiveCfg = Release|Any CPU
		{8F4677CC-587F-4C87-890C-FF88B0016424}.Release|arm64.Build.0 = Release|Any CPU
		{8F4677CC-587F-4C87-890C-FF88B0016424}.Release|x64.ActiveCfg = Release|Any CPU
		{8F4677CC-587F-4C87-890C-FF88B0016424}.Release|x64.Build.0 = Release|Any CPU
		{8F4677CC-587F-4C87-890C-FF88B0016424}.Release|x86.ActiveCfg = Release|Any CPU
		{8F4677CC-587F-4C87-890C-FF88B0016424}.Release|x86.Build.0 = Release|Any CPU
		{1F1013A5-A0D2-4C57-AD8F-33F8A4251DAD}.Debug|Any CPU.ActiveCfg = Debug|Any CPU
		{1F1013A5-A0D2-4C57-AD8F-33F8A4251DAD}.Debug|Any CPU.Build.0 = Debug|Any CPU
		{1F1013A5-A0D2-4C57-AD8F-33F8A4251DAD}.Debug|arm64.ActiveCfg = Debug|Any CPU
		{1F1013A5-A0D2-4C57-AD8F-33F8A4251DAD}.Debug|arm64.Build.0 = Debug|Any CPU
		{1F1013A5-A0D2-4C57-AD8F-33F8A4251DAD}.Debug|x64.ActiveCfg = Debug|Any CPU
		{1F1013A5-A0D2-4C57-AD8F-33F8A4251DAD}.Debug|x64.Build.0 = Debug|Any CPU
		{1F1013A5-A0D2-4C57-AD8F-33F8A4251DAD}.Debug|x86.ActiveCfg = Debug|Any CPU
		{1F1013A5-A0D2-4C57-AD8F-33F8A4251DAD}.Debug|x86.Build.0 = Debug|Any CPU
		{1F1013A5-A0D2-4C57-AD8F-33F8A4251DAD}.Release|Any CPU.ActiveCfg = Release|Any CPU
		{1F1013A5-A0D2-4C57-AD8F-33F8A4251DAD}.Release|Any CPU.Build.0 = Release|Any CPU
		{1F1013A5-A0D2-4C57-AD8F-33F8A4251DAD}.Release|arm64.ActiveCfg = Release|Any CPU
		{1F1013A5-A0D2-4C57-AD8F-33F8A4251DAD}.Release|arm64.Build.0 = Release|Any CPU
		{1F1013A5-A0D2-4C57-AD8F-33F8A4251DAD}.Release|x64.ActiveCfg = Release|Any CPU
		{1F1013A5-A0D2-4C57-AD8F-33F8A4251DAD}.Release|x64.Build.0 = Release|Any CPU
		{1F1013A5-A0D2-4C57-AD8F-33F8A4251DAD}.Release|x86.ActiveCfg = Release|Any CPU
		{1F1013A5-A0D2-4C57-AD8F-33F8A4251DAD}.Release|x86.Build.0 = Release|Any CPU
	EndGlobalSection
	GlobalSection(SolutionProperties) = preSolution
		HideSolutionNode = FALSE
	EndGlobalSection
	GlobalSection(NestedProjects) = preSolution
		{44286B16-195C-48DD-BFB4-73018D06EFCC} = {5B18D3E4-3F15-42FE-B9BD-C473D119FFD7}
		{C791528D-F9F4-4F3A-B4E5-51A29265D665} = {5B18D3E4-3F15-42FE-B9BD-C473D119FFD7}
		{3C058127-E65F-4D8D-9602-CDBE0F77F92B} = {5B18D3E4-3F15-42FE-B9BD-C473D119FFD7}
		{AD90A4EA-284E-4A77-8100-184595C1EA91} = {5B18D3E4-3F15-42FE-B9BD-C473D119FFD7}
		{7A010E41-7BA6-4D92-A0B9-7257BD1E6F80} = {5B18D3E4-3F15-42FE-B9BD-C473D119FFD7}
		{FB158D60-16EE-4972-951B-35CF3E159F66} = {5B18D3E4-3F15-42FE-B9BD-C473D119FFD7}
		{587A68D3-16E9-4E0F-91D0-F90386F21E54} = {5B18D3E4-3F15-42FE-B9BD-C473D119FFD7}
		{F477EAB8-5B13-4743-A465-582939E4E103} = {5B18D3E4-3F15-42FE-B9BD-C473D119FFD7}
		{6CA2B514-0B68-4994-9195-3F9D623FD7D6} = {5B18D3E4-3F15-42FE-B9BD-C473D119FFD7}
		{55EFED1B-0832-4112-9DB4-B2105346005F} = {5B18D3E4-3F15-42FE-B9BD-C473D119FFD7}
		{9F0FBA3A-CF5F-4BA0-B6ED-FAE3A39F01CF} = {6E94D6B5-CAA3-4994-A5DE-86B27F77A3DF}
		{4B1FE8E0-89BB-4288-8F3F-E5B9D5C03B5B} = {5B18D3E4-3F15-42FE-B9BD-C473D119FFD7}
		{049B0E96-EBE4-4BAB-9F86-7A5B8900D2F0} = {6E94D6B5-CAA3-4994-A5DE-86B27F77A3DF}
		{6B5A7E36-B39C-409F-9ED6-13FA0F888FC9} = {6E94D6B5-CAA3-4994-A5DE-86B27F77A3DF}
		{22B5E612-F20F-40DE-8901-AE127121806D} = {5B18D3E4-3F15-42FE-B9BD-C473D119FFD7}
		{A40DC695-D4F8-447E-A5A8-75F1CFB7C32E} = {5B18D3E4-3F15-42FE-B9BD-C473D119FFD7}
		{469E3994-67B2-4C7C-BEC1-523CFC94BE4C} = {5B18D3E4-3F15-42FE-B9BD-C473D119FFD7}
		{60722BD2-D016-4119-94C4-A5BCE9C1FF03} = {5B18D3E4-3F15-42FE-B9BD-C473D119FFD7}
		{E7B58FB1-9CEC-45CF-970A-E4613341946B} = {6E94D6B5-CAA3-4994-A5DE-86B27F77A3DF}
		{60755B4D-B0F1-4156-867A-4BC7D2CB2536} = {6E94D6B5-CAA3-4994-A5DE-86B27F77A3DF}
		{A8ECFC4A-0C4C-41B3-825B-E32914FC8A07} = {6E94D6B5-CAA3-4994-A5DE-86B27F77A3DF}
		{AF84C14B-2B8F-44CD-8D56-7C7439F1B0F9} = {6E94D6B5-CAA3-4994-A5DE-86B27F77A3DF}
		{8F4677CC-587F-4C87-890C-FF88B0016424} = {5B18D3E4-3F15-42FE-B9BD-C473D119FFD7}
		{B6190870-E623-4906-AA9D-A4E0A7BF4EB8} = {5B18D3E4-3F15-42FE-B9BD-C473D119FFD7}
		{1F1013A5-A0D2-4C57-AD8F-33F8A4251DAD} = {B6190870-E623-4906-AA9D-A4E0A7BF4EB8}
	EndGlobalSection
	GlobalSection(ExtensibilityGlobals) = postSolution
		SolutionGuid = {21D67BBD-9611-4551-8913-FD16833412F1}
	EndGlobalSection
EndGlobal
