
Microsoft Visual Studio Solution File, Format Version 12.00
# Visual Studio Version 17
VisualStudioVersion = 17.1.32328.378
MinimumVisualStudioVersion = 10.0.40219.1
Project("{9A19103F-16F7-4668-BE54-9A1E7A4F7556}") = "Framework.DependencyInjection", "Framework.DependencyInjections\Framework.DependencyInjection.csproj", "{A93C4B78-8C56-4115-8155-9128EDEAAE60}"
EndProject
Project("{9A19103F-16F7-4668-BE54-9A1E7A4F7556}") = "Framework.States", "Framework.States\Framework.States.csproj", "{44286B16-195C-48DD-BFB4-73018D06EFCC}"
EndProject
Project("{9A19103F-16F7-4668-BE54-9A1E7A4F7556}") = "OpenDictionary.MauiProject", "OpenDictionary.MauiProject\OpenDictionary.MauiProject.csproj", "{FBFB8773-9346-4DD2-99C7-50B598F43587}"
EndProject
Project("{2150E333-8FDC-42A3-9474-1A3956D46DE8}") = "Libraries", "Libraries", "{5B18D3E4-3F15-42FE-B9BD-C473D119FFD7}"
EndProject
Project("{9A19103F-16F7-4668-BE54-9A1E7A4F7556}") = "OpenDictionary.RemoteDictionaries", "OpenDictionary.RemoteDictionaries\OpenDictionary.RemoteDictionaries.csproj", "{C791528D-F9F4-4F3A-B4E5-51A29265D665}"
EndProject
Project("{9A19103F-16F7-4668-BE54-9A1E7A4F7556}") = "OpenDictionary.Models", "OpenDictionary.Models\OpenDictionary.Models.csproj", "{3C058127-E65F-4D8D-9602-CDBE0F77F92B}"
EndProject
Project("{9A19103F-16F7-4668-BE54-9A1E7A4F7556}") = "OpenDictionary.RemoteDictionaries.Tests", "OpenDictionary.RemoteDictionaries.Tests\OpenDictionary.RemoteDictionaries.Tests.csproj", "{AD90A4EA-284E-4A77-8100-184595C1EA91}"
EndProject
Project("{9A19103F-16F7-4668-BE54-9A1E7A4F7556}") = "OpenDictionary.ViewModels", "OpenDictionary.ViewModels\OpenDictionary.ViewModels.csproj", "{7A010E41-7BA6-4D92-A0B9-7257BD1E6F80}"
EndProject
Project("{9A19103F-16F7-4668-BE54-9A1E7A4F7556}") = "OpenDictionary.Collections", "OpenDictionary.Collections\OpenDictionary.Collections.csproj", "{FB158D60-16EE-4972-951B-35CF3E159F66}"
EndProject
Project("{9A19103F-16F7-4668-BE54-9A1E7A4F7556}") = "OpenDictionary.Services", "OpenDictionary.Services\OpenDictionary.Services.csproj", "{587A68D3-16E9-4E0F-91D0-F90386F21E54}"
EndProject
Project("{9A19103F-16F7-4668-BE54-9A1E7A4F7556}") = "OpenDictionary.Structures", "OpenDictionary.Structures\OpenDictionary.Structures.csproj", "{F477EAB8-5B13-4743-A465-582939E4E103}"
EndProject
Project("{9A19103F-16F7-4668-BE54-9A1E7A4F7556}") = "OpenDictionary.Observables", "OpenDictionary.Observables\OpenDictionary.Observables.csproj", "{6CA2B514-0B68-4994-9195-3F9D623FD7D6}"
EndProject
Project("{9A19103F-16F7-4668-BE54-9A1E7A4F7556}") = "OpenDictionary.Games.WordConformities", "OpenDictionary.Games\OpenDictionary.Games.WordConformities.csproj", "{55EFED1B-0832-4112-9DB4-B2105346005F}"
EndProject
Project("{2150E333-8FDC-42A3-9474-1A3956D46DE8}") = "Other", "Other", "{15AAE89C-72E0-4F43-AB8E-22E0BDC6EBEE}"
EndProject
Project("{9A19103F-16F7-4668-BE54-9A1E7A4F7556}") = "OpenDictionary.WordGroupConverter", "OpenDictionary.WordGroupConverter\OpenDictionary.WordGroupConverter.csproj", "{A893FDC5-FAD3-4F04-A39D-FC9077FA5016}"
EndProject
Project("{9A19103F-16F7-4668-BE54-9A1E7A4F7556}") = "OpenDictionary.Resources", "OpenDictionary.Resources\OpenDictionary.Resources.csproj", "{8ABC195B-DE02-4C13-BFE6-592A69A4CD6E}"
EndProject
Project("{2150E333-8FDC-42A3-9474-1A3956D46DE8}") = "Maui", "Maui", "{6E94D6B5-CAA3-4994-A5DE-86B27F77A3DF}"
EndProject
Global
	GlobalSection(SolutionConfigurationPlatforms) = preSolution
		Debug|Any CPU = Debug|Any CPU
		Debug|arm64 = Debug|arm64
		Debug|x64 = Debug|x64
		Debug|x86 = Debug|x86
		Release|Any CPU = Release|Any CPU
		Release|arm64 = Release|arm64
		Release|x64 = Release|x64
		Release|x86 = Release|x86
	EndGlobalSection
	GlobalSection(ProjectConfigurationPlatforms) = postSolution
		{A93C4B78-8C56-4115-8155-9128EDEAAE60}.Debug|Any CPU.ActiveCfg = Debug|Any CPU
		{A93C4B78-8C56-4115-8155-9128EDEAAE60}.Debug|Any CPU.Build.0 = Debug|Any CPU
		{A93C4B78-8C56-4115-8155-9128EDEAAE60}.Debug|arm64.ActiveCfg = Debug|Any CPU
		{A93C4B78-8C56-4115-8155-9128EDEAAE60}.Debug|arm64.Build.0 = Debug|Any CPU
		{A93C4B78-8C56-4115-8155-9128EDEAAE60}.Debug|x64.ActiveCfg = Debug|Any CPU
		{A93C4B78-8C56-4115-8155-9128EDEAAE60}.Debug|x64.Build.0 = Debug|Any CPU
		{A93C4B78-8C56-4115-8155-9128EDEAAE60}.Debug|x86.ActiveCfg = Debug|Any CPU
		{A93C4B78-8C56-4115-8155-9128EDEAAE60}.Debug|x86.Build.0 = Debug|Any CPU
		{A93C4B78-8C56-4115-8155-9128EDEAAE60}.Release|Any CPU.ActiveCfg = Release|Any CPU
		{A93C4B78-8C56-4115-8155-9128EDEAAE60}.Release|Any CPU.Build.0 = Release|Any CPU
		{A93C4B78-8C56-4115-8155-9128EDEAAE60}.Release|arm64.ActiveCfg = Release|Any CPU
		{A93C4B78-8C56-4115-8155-9128EDEAAE60}.Release|arm64.Build.0 = Release|Any CPU
		{A93C4B78-8C56-4115-8155-9128EDEAAE60}.Release|x64.ActiveCfg = Release|Any CPU
		{A93C4B78-8C56-4115-8155-9128EDEAAE60}.Release|x64.Build.0 = Release|Any CPU
		{A93C4B78-8C56-4115-8155-9128EDEAAE60}.Release|x86.ActiveCfg = Release|Any CPU
		{A93C4B78-8C56-4115-8155-9128EDEAAE60}.Release|x86.Build.0 = Release|Any CPU
		{44286B16-195C-48DD-BFB4-73018D06EFCC}.Debug|Any CPU.ActiveCfg = Debug|Any CPU
		{44286B16-195C-48DD-BFB4-73018D06EFCC}.Debug|Any CPU.Build.0 = Debug|Any CPU
		{44286B16-195C-48DD-BFB4-73018D06EFCC}.Debug|arm64.ActiveCfg = Debug|Any CPU
		{44286B16-195C-48DD-BFB4-73018D06EFCC}.Debug|arm64.Build.0 = Debug|Any CPU
		{44286B16-195C-48DD-BFB4-73018D06EFCC}.Debug|x64.ActiveCfg = Debug|Any CPU
		{44286B16-195C-48DD-BFB4-73018D06EFCC}.Debug|x64.Build.0 = Debug|Any CPU
		{44286B16-195C-48DD-BFB4-73018D06EFCC}.Debug|x86.ActiveCfg = Debug|Any CPU
		{44286B16-195C-48DD-BFB4-73018D06EFCC}.Debug|x86.Build.0 = Debug|Any CPU
		{44286B16-195C-48DD-BFB4-73018D06EFCC}.Release|Any CPU.ActiveCfg = Release|Any CPU
		{44286B16-195C-48DD-BFB4-73018D06EFCC}.Release|Any CPU.Build.0 = Release|Any CPU
		{44286B16-195C-48DD-BFB4-73018D06EFCC}.Release|arm64.ActiveCfg = Release|Any CPU
		{44286B16-195C-48DD-BFB4-73018D06EFCC}.Release|arm64.Build.0 = Release|Any CPU
		{44286B16-195C-48DD-BFB4-73018D06EFCC}.Release|x64.ActiveCfg = Release|Any CPU
		{44286B16-195C-48DD-BFB4-73018D06EFCC}.Release|x64.Build.0 = Release|Any CPU
		{44286B16-195C-48DD-BFB4-73018D06EFCC}.Release|x86.ActiveCfg = Release|Any CPU
		{44286B16-195C-48DD-BFB4-73018D06EFCC}.Release|x86.Build.0 = Release|Any CPU
		{FBFB8773-9346-4DD2-99C7-50B598F43587}.Debug|Any CPU.ActiveCfg = Debug|Any CPU
		{FBFB8773-9346-4DD2-99C7-50B598F43587}.Debug|Any CPU.Build.0 = Debug|Any CPU
		{FBFB8773-9346-4DD2-99C7-50B598F43587}.Debug|Any CPU.Deploy.0 = Debug|Any CPU
		{FBFB8773-9346-4DD2-99C7-50B598F43587}.Debug|arm64.ActiveCfg = Debug|Any CPU
		{FBFB8773-9346-4DD2-99C7-50B598F43587}.Debug|arm64.Build.0 = Debug|Any CPU
		{FBFB8773-9346-4DD2-99C7-50B598F43587}.Debug|arm64.Deploy.0 = Debug|Any CPU
		{FBFB8773-9346-4DD2-99C7-50B598F43587}.Debug|x64.ActiveCfg = Debug|Any CPU
		{FBFB8773-9346-4DD2-99C7-50B598F43587}.Debug|x64.Build.0 = Debug|Any CPU
		{FBFB8773-9346-4DD2-99C7-50B598F43587}.Debug|x64.Deploy.0 = Debug|Any CPU
		{FBFB8773-9346-4DD2-99C7-50B598F43587}.Debug|x86.ActiveCfg = Debug|Any CPU
		{FBFB8773-9346-4DD2-99C7-50B598F43587}.Debug|x86.Build.0 = Debug|Any CPU
		{FBFB8773-9346-4DD2-99C7-50B598F43587}.Debug|x86.Deploy.0 = Debug|Any CPU
		{FBFB8773-9346-4DD2-99C7-50B598F43587}.Release|Any CPU.ActiveCfg = Release|Any CPU
		{FBFB8773-9346-4DD2-99C7-50B598F43587}.Release|Any CPU.Build.0 = Release|Any CPU
		{FBFB8773-9346-4DD2-99C7-50B598F43587}.Release|Any CPU.Deploy.0 = Release|Any CPU
		{FBFB8773-9346-4DD2-99C7-50B598F43587}.Release|arm64.ActiveCfg = Release|Any CPU
		{FBFB8773-9346-4DD2-99C7-50B598F43587}.Release|arm64.Build.0 = Release|Any CPU
		{FBFB8773-9346-4DD2-99C7-50B598F43587}.Release|arm64.Deploy.0 = Release|Any CPU
		{FBFB8773-9346-4DD2-99C7-50B598F43587}.Release|x64.ActiveCfg = Release|Any CPU
		{FBFB8773-9346-4DD2-99C7-50B598F43587}.Release|x64.Build.0 = Release|Any CPU
		{FBFB8773-9346-4DD2-99C7-50B598F43587}.Release|x64.Deploy.0 = Release|Any CPU
		{FBFB8773-9346-4DD2-99C7-50B598F43587}.Release|x86.ActiveCfg = Release|Any CPU
		{FBFB8773-9346-4DD2-99C7-50B598F43587}.Release|x86.Build.0 = Release|Any CPU
		{FBFB8773-9346-4DD2-99C7-50B598F43587}.Release|x86.Deploy.0 = Release|Any CPU
		{C791528D-F9F4-4F3A-B4E5-51A29265D665}.Debug|Any CPU.ActiveCfg = Debug|Any CPU
		{C791528D-F9F4-4F3A-B4E5-51A29265D665}.Debug|Any CPU.Build.0 = Debug|Any CPU
		{C791528D-F9F4-4F3A-B4E5-51A29265D665}.Debug|arm64.ActiveCfg = Debug|Any CPU
		{C791528D-F9F4-4F3A-B4E5-51A29265D665}.Debug|arm64.Build.0 = Debug|Any CPU
		{C791528D-F9F4-4F3A-B4E5-51A29265D665}.Debug|x64.ActiveCfg = Debug|Any CPU
		{C791528D-F9F4-4F3A-B4E5-51A29265D665}.Debug|x64.Build.0 = Debug|Any CPU
		{C791528D-F9F4-4F3A-B4E5-51A29265D665}.Debug|x86.ActiveCfg = Debug|Any CPU
		{C791528D-F9F4-4F3A-B4E5-51A29265D665}.Debug|x86.Build.0 = Debug|Any CPU
		{C791528D-F9F4-4F3A-B4E5-51A29265D665}.Release|Any CPU.ActiveCfg = Release|Any CPU
		{C791528D-F9F4-4F3A-B4E5-51A29265D665}.Release|Any CPU.Build.0 = Release|Any CPU
		{C791528D-F9F4-4F3A-B4E5-51A29265D665}.Release|arm64.ActiveCfg = Release|Any CPU
		{C791528D-F9F4-4F3A-B4E5-51A29265D665}.Release|arm64.Build.0 = Release|Any CPU
		{C791528D-F9F4-4F3A-B4E5-51A29265D665}.Release|x64.ActiveCfg = Release|Any CPU
		{C791528D-F9F4-4F3A-B4E5-51A29265D665}.Release|x64.Build.0 = Release|Any CPU
		{C791528D-F9F4-4F3A-B4E5-51A29265D665}.Release|x86.ActiveCfg = Release|Any CPU
		{C791528D-F9F4-4F3A-B4E5-51A29265D665}.Release|x86.Build.0 = Release|Any CPU
		{3C058127-E65F-4D8D-9602-CDBE0F77F92B}.Debug|Any CPU.ActiveCfg = Debug|Any CPU
		{3C058127-E65F-4D8D-9602-CDBE0F77F92B}.Debug|Any CPU.Build.0 = Debug|Any CPU
		{3C058127-E65F-4D8D-9602-CDBE0F77F92B}.Debug|arm64.ActiveCfg = Debug|Any CPU
		{3C058127-E65F-4D8D-9602-CDBE0F77F92B}.Debug|arm64.Build.0 = Debug|Any CPU
		{3C058127-E65F-4D8D-9602-CDBE0F77F92B}.Debug|x64.ActiveCfg = Debug|Any CPU
		{3C058127-E65F-4D8D-9602-CDBE0F77F92B}.Debug|x64.Build.0 = Debug|Any CPU
		{3C058127-E65F-4D8D-9602-CDBE0F77F92B}.Debug|x86.ActiveCfg = Debug|Any CPU
		{3C058127-E65F-4D8D-9602-CDBE0F77F92B}.Debug|x86.Build.0 = Debug|Any CPU
		{3C058127-E65F-4D8D-9602-CDBE0F77F92B}.Release|Any CPU.ActiveCfg = Release|Any CPU
		{3C058127-E65F-4D8D-9602-CDBE0F77F92B}.Release|Any CPU.Build.0 = Release|Any CPU
		{3C058127-E65F-4D8D-9602-CDBE0F77F92B}.Release|arm64.ActiveCfg = Release|Any CPU
		{3C058127-E65F-4D8D-9602-CDBE0F77F92B}.Release|arm64.Build.0 = Release|Any CPU
		{3C058127-E65F-4D8D-9602-CDBE0F77F92B}.Release|x64.ActiveCfg = Release|Any CPU
		{3C058127-E65F-4D8D-9602-CDBE0F77F92B}.Release|x64.Build.0 = Release|Any CPU
		{3C058127-E65F-4D8D-9602-CDBE0F77F92B}.Release|x86.ActiveCfg = Release|Any CPU
		{3C058127-E65F-4D8D-9602-CDBE0F77F92B}.Release|x86.Build.0 = Release|Any CPU
		{AD90A4EA-284E-4A77-8100-184595C1EA91}.Debug|Any CPU.ActiveCfg = Debug|Any CPU
		{AD90A4EA-284E-4A77-8100-184595C1EA91}.Debug|Any CPU.Build.0 = Debug|Any CPU
		{AD90A4EA-284E-4A77-8100-184595C1EA91}.Debug|arm64.ActiveCfg = Debug|Any CPU
		{AD90A4EA-284E-4A77-8100-184595C1EA91}.Debug|arm64.Build.0 = Debug|Any CPU
		{AD90A4EA-284E-4A77-8100-184595C1EA91}.Debug|x64.ActiveCfg = Debug|Any CPU
		{AD90A4EA-284E-4A77-8100-184595C1EA91}.Debug|x64.Build.0 = Debug|Any CPU
		{AD90A4EA-284E-4A77-8100-184595C1EA91}.Debug|x86.ActiveCfg = Debug|Any CPU
		{AD90A4EA-284E-4A77-8100-184595C1EA91}.Debug|x86.Build.0 = Debug|Any CPU
		{AD90A4EA-284E-4A77-8100-184595C1EA91}.Release|Any CPU.ActiveCfg = Release|Any CPU
		{AD90A4EA-284E-4A77-8100-184595C1EA91}.Release|Any CPU.Build.0 = Release|Any CPU
		{AD90A4EA-284E-4A77-8100-184595C1EA91}.Release|arm64.ActiveCfg = Release|Any CPU
		{AD90A4EA-284E-4A77-8100-184595C1EA91}.Release|arm64.Build.0 = Release|Any CPU
		{AD90A4EA-284E-4A77-8100-184595C1EA91}.Release|x64.ActiveCfg = Release|Any CPU
		{AD90A4EA-284E-4A77-8100-184595C1EA91}.Release|x64.Build.0 = Release|Any CPU
		{AD90A4EA-284E-4A77-8100-184595C1EA91}.Release|x86.ActiveCfg = Release|Any CPU
		{AD90A4EA-284E-4A77-8100-184595C1EA91}.Release|x86.Build.0 = Release|Any CPU
		{7A010E41-7BA6-4D92-A0B9-7257BD1E6F80}.Debug|Any CPU.ActiveCfg = Debug|Any CPU
		{7A010E41-7BA6-4D92-A0B9-7257BD1E6F80}.Debug|Any CPU.Build.0 = Debug|Any CPU
		{7A010E41-7BA6-4D92-A0B9-7257BD1E6F80}.Debug|arm64.ActiveCfg = Debug|Any CPU
		{7A010E41-7BA6-4D92-A0B9-7257BD1E6F80}.Debug|arm64.Build.0 = Debug|Any CPU
		{7A010E41-7BA6-4D92-A0B9-7257BD1E6F80}.Debug|x64.ActiveCfg = Debug|Any CPU
		{7A010E41-7BA6-4D92-A0B9-7257BD1E6F80}.Debug|x64.Build.0 = Debug|Any CPU
		{7A010E41-7BA6-4D92-A0B9-7257BD1E6F80}.Debug|x86.ActiveCfg = Debug|Any CPU
		{7A010E41-7BA6-4D92-A0B9-7257BD1E6F80}.Debug|x86.Build.0 = Debug|Any CPU
		{7A010E41-7BA6-4D92-A0B9-7257BD1E6F80}.Release|Any CPU.ActiveCfg = Release|Any CPU
		{7A010E41-7BA6-4D92-A0B9-7257BD1E6F80}.Release|Any CPU.Build.0 = Release|Any CPU
		{7A010E41-7BA6-4D92-A0B9-7257BD1E6F80}.Release|arm64.ActiveCfg = Release|Any CPU
		{7A010E41-7BA6-4D92-A0B9-7257BD1E6F80}.Release|arm64.Build.0 = Release|Any CPU
		{7A010E41-7BA6-4D92-A0B9-7257BD1E6F80}.Release|x64.ActiveCfg = Release|Any CPU
		{7A010E41-7BA6-4D92-A0B9-7257BD1E6F80}.Release|x64.Build.0 = Release|Any CPU
		{7A010E41-7BA6-4D92-A0B9-7257BD1E6F80}.Release|x86.ActiveCfg = Release|Any CPU
		{7A010E41-7BA6-4D92-A0B9-7257BD1E6F80}.Release|x86.Build.0 = Release|Any CPU
		{FB158D60-16EE-4972-951B-35CF3E159F66}.Debug|Any CPU.ActiveCfg = Debug|Any CPU
		{FB158D60-16EE-4972-951B-35CF3E159F66}.Debug|Any CPU.Build.0 = Debug|Any CPU
		{FB158D60-16EE-4972-951B-35CF3E159F66}.Debug|arm64.ActiveCfg = Debug|Any CPU
		{FB158D60-16EE-4972-951B-35CF3E159F66}.Debug|arm64.Build.0 = Debug|Any CPU
		{FB158D60-16EE-4972-951B-35CF3E159F66}.Debug|x64.ActiveCfg = Debug|Any CPU
		{FB158D60-16EE-4972-951B-35CF3E159F66}.Debug|x64.Build.0 = Debug|Any CPU
		{FB158D60-16EE-4972-951B-35CF3E159F66}.Debug|x86.ActiveCfg = Debug|Any CPU
		{FB158D60-16EE-4972-951B-35CF3E159F66}.Debug|x86.Build.0 = Debug|Any CPU
		{FB158D60-16EE-4972-951B-35CF3E159F66}.Release|Any CPU.ActiveCfg = Release|Any CPU
		{FB158D60-16EE-4972-951B-35CF3E159F66}.Release|Any CPU.Build.0 = Release|Any CPU
		{FB158D60-16EE-4972-951B-35CF3E159F66}.Release|arm64.ActiveCfg = Release|Any CPU
		{FB158D60-16EE-4972-951B-35CF3E159F66}.Release|arm64.Build.0 = Release|Any CPU
		{FB158D60-16EE-4972-951B-35CF3E159F66}.Release|x64.ActiveCfg = Release|Any CPU
		{FB158D60-16EE-4972-951B-35CF3E159F66}.Release|x64.Build.0 = Release|Any CPU
		{FB158D60-16EE-4972-951B-35CF3E159F66}.Release|x86.ActiveCfg = Release|Any CPU
		{FB158D60-16EE-4972-951B-35CF3E159F66}.Release|x86.Build.0 = Release|Any CPU
		{587A68D3-16E9-4E0F-91D0-F90386F21E54}.Debug|Any CPU.ActiveCfg = Debug|Any CPU
		{587A68D3-16E9-4E0F-91D0-F90386F21E54}.Debug|Any CPU.Build.0 = Debug|Any CPU
		{587A68D3-16E9-4E0F-91D0-F90386F21E54}.Debug|arm64.ActiveCfg = Debug|Any CPU
		{587A68D3-16E9-4E0F-91D0-F90386F21E54}.Debug|arm64.Build.0 = Debug|Any CPU
		{587A68D3-16E9-4E0F-91D0-F90386F21E54}.Debug|x64.ActiveCfg = Debug|Any CPU
		{587A68D3-16E9-4E0F-91D0-F90386F21E54}.Debug|x64.Build.0 = Debug|Any CPU
		{587A68D3-16E9-4E0F-91D0-F90386F21E54}.Debug|x86.ActiveCfg = Debug|Any CPU
		{587A68D3-16E9-4E0F-91D0-F90386F21E54}.Debug|x86.Build.0 = Debug|Any CPU
		{587A68D3-16E9-4E0F-91D0-F90386F21E54}.Release|Any CPU.ActiveCfg = Release|Any CPU
		{587A68D3-16E9-4E0F-91D0-F90386F21E54}.Release|Any CPU.Build.0 = Release|Any CPU
		{587A68D3-16E9-4E0F-91D0-F90386F21E54}.Release|arm64.ActiveCfg = Release|Any CPU
		{587A68D3-16E9-4E0F-91D0-F90386F21E54}.Release|arm64.Build.0 = Release|Any CPU
		{587A68D3-16E9-4E0F-91D0-F90386F21E54}.Release|x64.ActiveCfg = Release|Any CPU
		{587A68D3-16E9-4E0F-91D0-F90386F21E54}.Release|x64.Build.0 = Release|Any CPU
		{587A68D3-16E9-4E0F-91D0-F90386F21E54}.Release|x86.ActiveCfg = Release|Any CPU
		{587A68D3-16E9-4E0F-91D0-F90386F21E54}.Release|x86.Build.0 = Release|Any CPU
		{F477EAB8-5B13-4743-A465-582939E4E103}.Debug|Any CPU.ActiveCfg = Debug|Any CPU
		{F477EAB8-5B13-4743-A465-582939E4E103}.Debug|Any CPU.Build.0 = Debug|Any CPU
		{F477EAB8-5B13-4743-A465-582939E4E103}.Debug|arm64.ActiveCfg = Debug|Any CPU
		{F477EAB8-5B13-4743-A465-582939E4E103}.Debug|arm64.Build.0 = Debug|Any CPU
		{F477EAB8-5B13-4743-A465-582939E4E103}.Debug|x64.ActiveCfg = Debug|Any CPU
		{F477EAB8-5B13-4743-A465-582939E4E103}.Debug|x64.Build.0 = Debug|Any CPU
		{F477EAB8-5B13-4743-A465-582939E4E103}.Debug|x86.ActiveCfg = Debug|Any CPU
		{F477EAB8-5B13-4743-A465-582939E4E103}.Debug|x86.Build.0 = Debug|Any CPU
		{F477EAB8-5B13-4743-A465-582939E4E103}.Release|Any CPU.ActiveCfg = Release|Any CPU
		{F477EAB8-5B13-4743-A465-582939E4E103}.Release|Any CPU.Build.0 = Release|Any CPU
		{F477EAB8-5B13-4743-A465-582939E4E103}.Release|arm64.ActiveCfg = Release|Any CPU
		{F477EAB8-5B13-4743-A465-582939E4E103}.Release|arm64.Build.0 = Release|Any CPU
		{F477EAB8-5B13-4743-A465-582939E4E103}.Release|x64.ActiveCfg = Release|Any CPU
		{F477EAB8-5B13-4743-A465-582939E4E103}.Release|x64.Build.0 = Release|Any CPU
		{F477EAB8-5B13-4743-A465-582939E4E103}.Release|x86.ActiveCfg = Release|Any CPU
		{F477EAB8-5B13-4743-A465-582939E4E103}.Release|x86.Build.0 = Release|Any CPU
		{6CA2B514-0B68-4994-9195-3F9D623FD7D6}.Debug|Any CPU.ActiveCfg = Debug|Any CPU
		{6CA2B514-0B68-4994-9195-3F9D623FD7D6}.Debug|Any CPU.Build.0 = Debug|Any CPU
		{6CA2B514-0B68-4994-9195-3F9D623FD7D6}.Debug|arm64.ActiveCfg = Debug|Any CPU
		{6CA2B514-0B68-4994-9195-3F9D623FD7D6}.Debug|arm64.Build.0 = Debug|Any CPU
		{6CA2B514-0B68-4994-9195-3F9D623FD7D6}.Debug|x64.ActiveCfg = Debug|Any CPU
		{6CA2B514-0B68-4994-9195-3F9D623FD7D6}.Debug|x64.Build.0 = Debug|Any CPU
		{6CA2B514-0B68-4994-9195-3F9D623FD7D6}.Debug|x86.ActiveCfg = Debug|Any CPU
		{6CA2B514-0B68-4994-9195-3F9D623FD7D6}.Debug|x86.Build.0 = Debug|Any CPU
		{6CA2B514-0B68-4994-9195-3F9D623FD7D6}.Release|Any CPU.ActiveCfg = Release|Any CPU
		{6CA2B514-0B68-4994-9195-3F9D623FD7D6}.Release|Any CPU.Build.0 = Release|Any CPU
		{6CA2B514-0B68-4994-9195-3F9D623FD7D6}.Release|arm64.ActiveCfg = Release|Any CPU
		{6CA2B514-0B68-4994-9195-3F9D623FD7D6}.Release|arm64.Build.0 = Release|Any CPU
		{6CA2B514-0B68-4994-9195-3F9D623FD7D6}.Release|x64.ActiveCfg = Release|Any CPU
		{6CA2B514-0B68-4994-9195-3F9D623FD7D6}.Release|x64.Build.0 = Release|Any CPU
		{6CA2B514-0B68-4994-9195-3F9D623FD7D6}.Release|x86.ActiveCfg = Release|Any CPU
		{6CA2B514-0B68-4994-9195-3F9D623FD7D6}.Release|x86.Build.0 = Release|Any CPU
		{55EFED1B-0832-4112-9DB4-B2105346005F}.Debug|Any CPU.ActiveCfg = Debug|Any CPU
		{55EFED1B-0832-4112-9DB4-B2105346005F}.Debug|Any CPU.Build.0 = Debug|Any CPU
		{55EFED1B-0832-4112-9DB4-B2105346005F}.Debug|arm64.ActiveCfg = Debug|Any CPU
		{55EFED1B-0832-4112-9DB4-B2105346005F}.Debug|arm64.Build.0 = Debug|Any CPU
		{55EFED1B-0832-4112-9DB4-B2105346005F}.Debug|x64.ActiveCfg = Debug|Any CPU
		{55EFED1B-0832-4112-9DB4-B2105346005F}.Debug|x64.Build.0 = Debug|Any CPU
		{55EFED1B-0832-4112-9DB4-B2105346005F}.Debug|x86.ActiveCfg = Debug|Any CPU
		{55EFED1B-0832-4112-9DB4-B2105346005F}.Debug|x86.Build.0 = Debug|Any CPU
		{55EFED1B-0832-4112-9DB4-B2105346005F}.Release|Any CPU.ActiveCfg = Release|Any CPU
		{55EFED1B-0832-4112-9DB4-B2105346005F}.Release|Any CPU.Build.0 = Release|Any CPU
		{55EFED1B-0832-4112-9DB4-B2105346005F}.Release|arm64.ActiveCfg = Release|Any CPU
		{55EFED1B-0832-4112-9DB4-B2105346005F}.Release|arm64.Build.0 = Release|Any CPU
		{55EFED1B-0832-4112-9DB4-B2105346005F}.Release|x64.ActiveCfg = Release|Any CPU
		{55EFED1B-0832-4112-9DB4-B2105346005F}.Release|x64.Build.0 = Release|Any CPU
		{55EFED1B-0832-4112-9DB4-B2105346005F}.Release|x86.ActiveCfg = Release|Any CPU
		{55EFED1B-0832-4112-9DB4-B2105346005F}.Release|x86.Build.0 = Release|Any CPU
		{A893FDC5-FAD3-4F04-A39D-FC9077FA5016}.Debug|Any CPU.ActiveCfg = Debug|x64
		{A893FDC5-FAD3-4F04-A39D-FC9077FA5016}.Debug|Any CPU.Build.0 = Debug|x64
		{A893FDC5-FAD3-4F04-A39D-FC9077FA5016}.Debug|Any CPU.Deploy.0 = Debug|x64
		{A893FDC5-FAD3-4F04-A39D-FC9077FA5016}.Debug|arm64.ActiveCfg = Debug|arm64
		{A893FDC5-FAD3-4F04-A39D-FC9077FA5016}.Debug|arm64.Build.0 = Debug|arm64
		{A893FDC5-FAD3-4F04-A39D-FC9077FA5016}.Debug|arm64.Deploy.0 = Debug|arm64
		{A893FDC5-FAD3-4F04-A39D-FC9077FA5016}.Debug|x64.ActiveCfg = Debug|x64
		{A893FDC5-FAD3-4F04-A39D-FC9077FA5016}.Debug|x64.Build.0 = Debug|x64
		{A893FDC5-FAD3-4F04-A39D-FC9077FA5016}.Debug|x64.Deploy.0 = Debug|x64
		{A893FDC5-FAD3-4F04-A39D-FC9077FA5016}.Debug|x86.ActiveCfg = Debug|Any CPU
		{A893FDC5-FAD3-4F04-A39D-FC9077FA5016}.Debug|x86.Build.0 = Debug|Any CPU
		{A893FDC5-FAD3-4F04-A39D-FC9077FA5016}.Debug|x86.Deploy.0 = Debug|Any CPU
		{A893FDC5-FAD3-4F04-A39D-FC9077FA5016}.Release|Any CPU.ActiveCfg = Release|x64
		{A893FDC5-FAD3-4F04-A39D-FC9077FA5016}.Release|Any CPU.Build.0 = Release|x64
		{A893FDC5-FAD3-4F04-A39D-FC9077FA5016}.Release|Any CPU.Deploy.0 = Release|x64
		{A893FDC5-FAD3-4F04-A39D-FC9077FA5016}.Release|arm64.ActiveCfg = Release|arm64
		{A893FDC5-FAD3-4F04-A39D-FC9077FA5016}.Release|arm64.Build.0 = Release|arm64
		{A893FDC5-FAD3-4F04-A39D-FC9077FA5016}.Release|arm64.Deploy.0 = Release|arm64
		{A893FDC5-FAD3-4F04-A39D-FC9077FA5016}.Release|x64.ActiveCfg = Release|x64
		{A893FDC5-FAD3-4F04-A39D-FC9077FA5016}.Release|x64.Build.0 = Release|x64
		{A893FDC5-FAD3-4F04-A39D-FC9077FA5016}.Release|x64.Deploy.0 = Release|x64
		{A893FDC5-FAD3-4F04-A39D-FC9077FA5016}.Release|x86.ActiveCfg = Release|x86
		{A893FDC5-FAD3-4F04-A39D-FC9077FA5016}.Release|x86.Build.0 = Release|x86
		{A893FDC5-FAD3-4F04-A39D-FC9077FA5016}.Release|x86.Deploy.0 = Release|x86
		{8ABC195B-DE02-4C13-BFE6-592A69A4CD6E}.Debug|Any CPU.ActiveCfg = Debug|Any CPU
		{8ABC195B-DE02-4C13-BFE6-592A69A4CD6E}.Debug|Any CPU.Build.0 = Debug|Any CPU
		{8ABC195B-DE02-4C13-BFE6-592A69A4CD6E}.Debug|arm64.ActiveCfg = Debug|Any CPU
		{8ABC195B-DE02-4C13-BFE6-592A69A4CD6E}.Debug|arm64.Build.0 = Debug|Any CPU
		{8ABC195B-DE02-4C13-BFE6-592A69A4CD6E}.Debug|x64.ActiveCfg = Debug|Any CPU
		{8ABC195B-DE02-4C13-BFE6-592A69A4CD6E}.Debug|x64.Build.0 = Debug|Any CPU
		{8ABC195B-DE02-4C13-BFE6-592A69A4CD6E}.Debug|x86.ActiveCfg = Debug|Any CPU
		{8ABC195B-DE02-4C13-BFE6-592A69A4CD6E}.Debug|x86.Build.0 = Debug|Any CPU
		{8ABC195B-DE02-4C13-BFE6-592A69A4CD6E}.Release|Any CPU.ActiveCfg = Release|Any CPU
		{8ABC195B-DE02-4C13-BFE6-592A69A4CD6E}.Release|Any CPU.Build.0 = Release|Any CPU
		{8ABC195B-DE02-4C13-BFE6-592A69A4CD6E}.Release|arm64.ActiveCfg = Release|Any CPU
		{8ABC195B-DE02-4C13-BFE6-592A69A4CD6E}.Release|arm64.Build.0 = Release|Any CPU
		{8ABC195B-DE02-4C13-BFE6-592A69A4CD6E}.Release|x64.ActiveCfg = Release|Any CPU
		{8ABC195B-DE02-4C13-BFE6-592A69A4CD6E}.Release|x64.Build.0 = Release|Any CPU
		{8ABC195B-DE02-4C13-BFE6-592A69A4CD6E}.Release|x86.ActiveCfg = Release|Any CPU
		{8ABC195B-DE02-4C13-BFE6-592A69A4CD6E}.Release|x86.Build.0 = Release|Any CPU
	EndGlobalSection
	GlobalSection(SolutionProperties) = preSolution
		HideSolutionNode = FALSE
	EndGlobalSection
	GlobalSection(NestedProjects) = preSolution
		{A93C4B78-8C56-4115-8155-9128EDEAAE60} = {5B18D3E4-3F15-42FE-B9BD-C473D119FFD7}
		{44286B16-195C-48DD-BFB4-73018D06EFCC} = {5B18D3E4-3F15-42FE-B9BD-C473D119FFD7}
		{FBFB8773-9346-4DD2-99C7-50B598F43587} = {6E94D6B5-CAA3-4994-A5DE-86B27F77A3DF}
		{C791528D-F9F4-4F3A-B4E5-51A29265D665} = {5B18D3E4-3F15-42FE-B9BD-C473D119FFD7}
		{3C058127-E65F-4D8D-9602-CDBE0F77F92B} = {5B18D3E4-3F15-42FE-B9BD-C473D119FFD7}
		{AD90A4EA-284E-4A77-8100-184595C1EA91} = {5B18D3E4-3F15-42FE-B9BD-C473D119FFD7}
		{7A010E41-7BA6-4D92-A0B9-7257BD1E6F80} = {5B18D3E4-3F15-42FE-B9BD-C473D119FFD7}
		{FB158D60-16EE-4972-951B-35CF3E159F66} = {5B18D3E4-3F15-42FE-B9BD-C473D119FFD7}
		{587A68D3-16E9-4E0F-91D0-F90386F21E54} = {5B18D3E4-3F15-42FE-B9BD-C473D119FFD7}
		{F477EAB8-5B13-4743-A465-582939E4E103} = {5B18D3E4-3F15-42FE-B9BD-C473D119FFD7}
		{6CA2B514-0B68-4994-9195-3F9D623FD7D6} = {5B18D3E4-3F15-42FE-B9BD-C473D119FFD7}
		{55EFED1B-0832-4112-9DB4-B2105346005F} = {5B18D3E4-3F15-42FE-B9BD-C473D119FFD7}
		{A893FDC5-FAD3-4F04-A39D-FC9077FA5016} = {15AAE89C-72E0-4F43-AB8E-22E0BDC6EBEE}
		{8ABC195B-DE02-4C13-BFE6-592A69A4CD6E} = {5B18D3E4-3F15-42FE-B9BD-C473D119FFD7}
	EndGlobalSection
	GlobalSection(ExtensibilityGlobals) = postSolution
		SolutionGuid = {21D67BBD-9611-4551-8913-FD16833412F1}
	EndGlobalSection
EndGlobal
