
Microsoft Visual Studio Solution File, Format Version 12.00
# Visual Studio Version 17
VisualStudioVersion = 17.1.32328.378
MinimumVisualStudioVersion = 10.0.40219.1
Project("{FAE04EC0-301F-11D3-BF4B-00C04F79EFBC}") = "OpenDictionary.Android", "ProjectWord\ProjectWord.Android\OpenDictionary.Android.csproj", "{A7AF7757-7A5F-4662-9707-06FF35ECAB5A}"
EndProject
Project("{9A19103F-16F7-4668-BE54-9A1E7A4F7556}") = "OpenDictionary", "ProjectWord\ProjectWord\OpenDictionary.csproj", "{5469861D-E15D-41D8-9FB8-BF9FBFC40FE6}"
EndProject
Project("{9A19103F-16F7-4668-BE54-9A1E7A4F7556}") = "Framework.Words", "Framework.Words\Framework.Words.csproj", "{92D8194E-4B16-4B89-9271-A34D2DF32B1F}"
EndProject
Project("{9A19103F-16F7-4668-BE54-9A1E7A4F7556}") = "Framework.Words.Tests", "ProjectWord.Words.Tests\Framework.Words.Tests.csproj", "{70C0C49B-31D1-4228-90A8-C266E71E162E}"
EndProject
Project("{9A19103F-16F7-4668-BE54-9A1E7A4F7556}") = "Framework.DependencyInjection", "Framework.DependencyInjections\Framework.DependencyInjection.csproj", "{A93C4B78-8C56-4115-8155-9128EDEAAE60}"
EndProject
Project("{9A19103F-16F7-4668-BE54-9A1E7A4F7556}") = "Framework.States", "Framework.States\Framework.States.csproj", "{44286B16-195C-48DD-BFB4-73018D06EFCC}"
EndProject
Project("{FAE04EC0-301F-11D3-BF4B-00C04F79EFBC}") = "OpenDictionary.ConsoleApp", "OpenDictionary.ConsoleApp\OpenDictionary.ConsoleApp.csproj", "{0BAD40FE-3E17-45BB-8619-D538448FC464}"
EndProject
Global
	GlobalSection(SolutionConfigurationPlatforms) = preSolution
		Debug|Any CPU = Debug|Any CPU
		Release|Any CPU = Release|Any CPU
	EndGlobalSection
	GlobalSection(ProjectConfigurationPlatforms) = postSolution
		{A7AF7757-7A5F-4662-9707-06FF35ECAB5A}.Debug|Any CPU.ActiveCfg = Debug|Any CPU
		{A7AF7757-7A5F-4662-9707-06FF35ECAB5A}.Debug|Any CPU.Build.0 = Debug|Any CPU
		{A7AF7757-7A5F-4662-9707-06FF35ECAB5A}.Debug|Any CPU.Deploy.0 = Debug|Any CPU
		{A7AF7757-7A5F-4662-9707-06FF35ECAB5A}.Release|Any CPU.ActiveCfg = Release|Any CPU
		{A7AF7757-7A5F-4662-9707-06FF35ECAB5A}.Release|Any CPU.Build.0 = Release|Any CPU
		{A7AF7757-7A5F-4662-9707-06FF35ECAB5A}.Release|Any CPU.Deploy.0 = Release|Any CPU
		{5469861D-E15D-41D8-9FB8-BF9FBFC40FE6}.Debug|Any CPU.ActiveCfg = Debug|Any CPU
		{5469861D-E15D-41D8-9FB8-BF9FBFC40FE6}.Debug|Any CPU.Build.0 = Debug|Any CPU
		{5469861D-E15D-41D8-9FB8-BF9FBFC40FE6}.Debug|Any CPU.Deploy.0 = Debug|Any CPU
		{5469861D-E15D-41D8-9FB8-BF9FBFC40FE6}.Release|Any CPU.ActiveCfg = Release|Any CPU
		{5469861D-E15D-41D8-9FB8-BF9FBFC40FE6}.Release|Any CPU.Build.0 = Release|Any CPU
		{5469861D-E15D-41D8-9FB8-BF9FBFC40FE6}.Release|Any CPU.Deploy.0 = Release|Any CPU
		{92D8194E-4B16-4B89-9271-A34D2DF32B1F}.Debug|Any CPU.ActiveCfg = Debug|Any CPU
		{92D8194E-4B16-4B89-9271-A34D2DF32B1F}.Debug|Any CPU.Build.0 = Debug|Any CPU
		{92D8194E-4B16-4B89-9271-A34D2DF32B1F}.Release|Any CPU.ActiveCfg = Release|Any CPU
		{92D8194E-4B16-4B89-9271-A34D2DF32B1F}.Release|Any CPU.Build.0 = Release|Any CPU
		{70C0C49B-31D1-4228-90A8-C266E71E162E}.Debug|Any CPU.ActiveCfg = Debug|Any CPU
		{70C0C49B-31D1-4228-90A8-C266E71E162E}.Debug|Any CPU.Build.0 = Debug|Any CPU
		{70C0C49B-31D1-4228-90A8-C266E71E162E}.Release|Any CPU.ActiveCfg = Release|Any CPU
		{70C0C49B-31D1-4228-90A8-C266E71E162E}.Release|Any CPU.Build.0 = Release|Any CPU
		{A93C4B78-8C56-4115-8155-9128EDEAAE60}.Debug|Any CPU.ActiveCfg = Debug|Any CPU
		{A93C4B78-8C56-4115-8155-9128EDEAAE60}.Debug|Any CPU.Build.0 = Debug|Any CPU
		{A93C4B78-8C56-4115-8155-9128EDEAAE60}.Release|Any CPU.ActiveCfg = Release|Any CPU
		{A93C4B78-8C56-4115-8155-9128EDEAAE60}.Release|Any CPU.Build.0 = Release|Any CPU
		{44286B16-195C-48DD-BFB4-73018D06EFCC}.Debug|Any CPU.ActiveCfg = Debug|Any CPU
		{44286B16-195C-48DD-BFB4-73018D06EFCC}.Debug|Any CPU.Build.0 = Debug|Any CPU
		{44286B16-195C-48DD-BFB4-73018D06EFCC}.Release|Any CPU.ActiveCfg = Release|Any CPU
		{44286B16-195C-48DD-BFB4-73018D06EFCC}.Release|Any CPU.Build.0 = Release|Any CPU
		{0BAD40FE-3E17-45BB-8619-D538448FC464}.Debug|Any CPU.ActiveCfg = Debug|Any CPU
		{0BAD40FE-3E17-45BB-8619-D538448FC464}.Debug|Any CPU.Build.0 = Debug|Any CPU
		{0BAD40FE-3E17-45BB-8619-D538448FC464}.Release|Any CPU.ActiveCfg = Release|Any CPU
		{0BAD40FE-3E17-45BB-8619-D538448FC464}.Release|Any CPU.Build.0 = Release|Any CPU
	EndGlobalSection
	GlobalSection(SolutionProperties) = preSolution
		HideSolutionNode = FALSE
	EndGlobalSection
	GlobalSection(ExtensibilityGlobals) = postSolution
		SolutionGuid = {21D67BBD-9611-4551-8913-FD16833412F1}
	EndGlobalSection
EndGlobal
